// !$*UTF8*$!
{
	archiveVersion = 1;
	classes = {
	};
	objectVersion = 48;
	objects = {

/* Begin PBXBuildFile section */
		0E36F22D20586009008C8451 /* ActionResult.swift in Sources */ = {isa = PBXBuildFile; fileRef = 0E36F22C20586009008C8451 /* ActionResult.swift */; };
		0E36F22F20586009008C8451 /* ActionResult.swift in Sources */ = {isa = PBXBuildFile; fileRef = 0E36F22C20586009008C8451 /* ActionResult.swift */; };
		0E36F23020586009008C8451 /* ActionResult.swift in Sources */ = {isa = PBXBuildFile; fileRef = 0E36F22C20586009008C8451 /* ActionResult.swift */; };
		0E9838771FE590A300BD3E31 /* State.swift in Sources */ = {isa = PBXBuildFile; fileRef = 0E9838721FE590A200BD3E31 /* State.swift */; };
		0E9838781FE590A300BD3E31 /* Dispatcher.swift in Sources */ = {isa = PBXBuildFile; fileRef = 0E9838731FE590A200BD3E31 /* Dispatcher.swift */; };
		0E9838791FE590A300BD3E31 /* Store.swift in Sources */ = {isa = PBXBuildFile; fileRef = 0E9838741FE590A200BD3E31 /* Store.swift */; };
		0E98387A1FE590A300BD3E31 /* ActionType.swift in Sources */ = {isa = PBXBuildFile; fileRef = 0E9838751FE590A200BD3E31 /* ActionType.swift */; };
		0E98387B1FE590A300BD3E31 /* Reducer.swift in Sources */ = {isa = PBXBuildFile; fileRef = 0E9838761FE590A300BD3E31 /* Reducer.swift */; };
		0E9838811FE590A800BD3E31 /* ActionType.swift in Sources */ = {isa = PBXBuildFile; fileRef = 0E9838751FE590A200BD3E31 /* ActionType.swift */; };
		0E9838821FE590A800BD3E31 /* Dispatcher.swift in Sources */ = {isa = PBXBuildFile; fileRef = 0E9838731FE590A200BD3E31 /* Dispatcher.swift */; };
		0E9838831FE590A800BD3E31 /* Reducer.swift in Sources */ = {isa = PBXBuildFile; fileRef = 0E9838761FE590A300BD3E31 /* Reducer.swift */; };
		0E9838841FE590A900BD3E31 /* State.swift in Sources */ = {isa = PBXBuildFile; fileRef = 0E9838721FE590A200BD3E31 /* State.swift */; };
		0E9838851FE590A900BD3E31 /* Store.swift in Sources */ = {isa = PBXBuildFile; fileRef = 0E9838741FE590A200BD3E31 /* Store.swift */; };
		0E9838861FE590A900BD3E31 /* ActionType.swift in Sources */ = {isa = PBXBuildFile; fileRef = 0E9838751FE590A200BD3E31 /* ActionType.swift */; };
		0E9838871FE590A900BD3E31 /* Dispatcher.swift in Sources */ = {isa = PBXBuildFile; fileRef = 0E9838731FE590A200BD3E31 /* Dispatcher.swift */; };
		0E9838881FE590A900BD3E31 /* Reducer.swift in Sources */ = {isa = PBXBuildFile; fileRef = 0E9838761FE590A300BD3E31 /* Reducer.swift */; };
		0E9838891FE590A900BD3E31 /* State.swift in Sources */ = {isa = PBXBuildFile; fileRef = 0E9838721FE590A200BD3E31 /* State.swift */; };
		0E98388A1FE590A900BD3E31 /* Store.swift in Sources */ = {isa = PBXBuildFile; fileRef = 0E9838741FE590A200BD3E31 /* Store.swift */; };
		0E98388B1FE5911000BD3E31 /* Igloo.h in Headers */ = {isa = PBXBuildFile; fileRef = 0E9838711FE58FB500BD3E31 /* Igloo.h */; settings = {ATTRIBUTES = (Public, ); }; };
		0E98388D1FE5911100BD3E31 /* Igloo.h in Headers */ = {isa = PBXBuildFile; fileRef = 0E9838711FE58FB500BD3E31 /* Igloo.h */; settings = {ATTRIBUTES = (Public, ); }; };
		0E98388E1FE5911200BD3E31 /* Igloo.h in Headers */ = {isa = PBXBuildFile; fileRef = 0E9838711FE58FB500BD3E31 /* Igloo.h */; settings = {ATTRIBUTES = (Public, ); }; };
		0E9838961FE5970D00BD3E31 /* PromiseKit.framework in Frameworks */ = {isa = PBXBuildFile; fileRef = 0E9838951FE5970D00BD3E31 /* PromiseKit.framework */; };
		0E98389A1FE5973B00BD3E31 /* PromiseKit.framework in Frameworks */ = {isa = PBXBuildFile; fileRef = 0E9838991FE5973B00BD3E31 /* PromiseKit.framework */; };
		0E98389C1FE5974A00BD3E31 /* PromiseKit.framework in Frameworks */ = {isa = PBXBuildFile; fileRef = 0E98389B1FE5974A00BD3E31 /* PromiseKit.framework */; };
		0E9838DF1FE5AA0600BD3E31 /* Igloo.framework in Frameworks */ = {isa = PBXBuildFile; fileRef = 0E98383F1FE58EFE00BD3E31 /* Igloo.framework */; };
		0E9838E61FE5AA1C00BD3E31 /* IglooTests.swift in Sources */ = {isa = PBXBuildFile; fileRef = 0E9838CF1FE5A18700BD3E31 /* IglooTests.swift */; };
		0E9838E81FE5AA9D00BD3E31 /* PromiseKit.framework in Frameworks */ = {isa = PBXBuildFile; fileRef = 0E9838951FE5970D00BD3E31 /* PromiseKit.framework */; };
		0E9838F21FE5AB6300BD3E31 /* Igloo.framework in Frameworks */ = {isa = PBXBuildFile; fileRef = 0E98385A1FE58F2D00BD3E31 /* Igloo.framework */; };
		0E9838F91FE5AB9A00BD3E31 /* PromiseKit.framework in Frameworks */ = {isa = PBXBuildFile; fileRef = 0E9838991FE5973B00BD3E31 /* PromiseKit.framework */; };
		0E9839031FE5ABBE00BD3E31 /* Igloo.framework in Frameworks */ = {isa = PBXBuildFile; fileRef = 0E9838671FE58F4300BD3E31 /* Igloo.framework */; };
		0E98390A1FE5AC3600BD3E31 /* IglooTests.swift in Sources */ = {isa = PBXBuildFile; fileRef = 0E9838CF1FE5A18700BD3E31 /* IglooTests.swift */; };
		0E98390B1FE5AC3700BD3E31 /* IglooTests.swift in Sources */ = {isa = PBXBuildFile; fileRef = 0E9838CF1FE5A18700BD3E31 /* IglooTests.swift */; };
		0E98390C1FE5AC8400BD3E31 /* PromiseKit.framework in Frameworks */ = {isa = PBXBuildFile; fileRef = 0E98389B1FE5974A00BD3E31 /* PromiseKit.framework */; };
		0EFBA0EB20635DB3003D8E29 /* ActionsFactory.swift in Sources */ = {isa = PBXBuildFile; fileRef = 0EFBA0EA20635DB3003D8E29 /* ActionsFactory.swift */; };
		0EFBA0ED20635DB3003D8E29 /* ActionsFactory.swift in Sources */ = {isa = PBXBuildFile; fileRef = 0EFBA0EA20635DB3003D8E29 /* ActionsFactory.swift */; };
		0EFBA0EE20635DB3003D8E29 /* ActionsFactory.swift in Sources */ = {isa = PBXBuildFile; fileRef = 0EFBA0EA20635DB3003D8E29 /* ActionsFactory.swift */; };
		0EFBA0F020641021003D8E29 /* Domain.swift in Sources */ = {isa = PBXBuildFile; fileRef = 0EFBA0EF20641021003D8E29 /* Domain.swift */; };
		0EFBA0F220641021003D8E29 /* Domain.swift in Sources */ = {isa = PBXBuildFile; fileRef = 0EFBA0EF20641021003D8E29 /* Domain.swift */; };
		0EFBA0F320641021003D8E29 /* Domain.swift in Sources */ = {isa = PBXBuildFile; fileRef = 0EFBA0EF20641021003D8E29 /* Domain.swift */; };
		0EFBA0F5206410E6003D8E29 /* Action.swift in Sources */ = {isa = PBXBuildFile; fileRef = 0EFBA0F4206410E6003D8E29 /* Action.swift */; };
		0EFBA0F7206410E6003D8E29 /* Action.swift in Sources */ = {isa = PBXBuildFile; fileRef = 0EFBA0F4206410E6003D8E29 /* Action.swift */; };
		0EFBA0F8206410E6003D8E29 /* Action.swift in Sources */ = {isa = PBXBuildFile; fileRef = 0EFBA0F4206410E6003D8E29 /* Action.swift */; };
		0EFBA0FA20641168003D8E29 /* Permissions.swift in Sources */ = {isa = PBXBuildFile; fileRef = 0EFBA0F920641168003D8E29 /* Permissions.swift */; };
		0EFBA0FC20641168003D8E29 /* Permissions.swift in Sources */ = {isa = PBXBuildFile; fileRef = 0EFBA0F920641168003D8E29 /* Permissions.swift */; };
		0EFBA0FD20641168003D8E29 /* Permissions.swift in Sources */ = {isa = PBXBuildFile; fileRef = 0EFBA0F920641168003D8E29 /* Permissions.swift */; };
		0EFBA0FF2064117F003D8E29 /* DomainPermissions.swift in Sources */ = {isa = PBXBuildFile; fileRef = 0EFBA0FE2064117F003D8E29 /* DomainPermissions.swift */; };
		0EFBA1012064117F003D8E29 /* DomainPermissions.swift in Sources */ = {isa = PBXBuildFile; fileRef = 0EFBA0FE2064117F003D8E29 /* DomainPermissions.swift */; };
		0EFBA1022064117F003D8E29 /* DomainPermissions.swift in Sources */ = {isa = PBXBuildFile; fileRef = 0EFBA0FE2064117F003D8E29 /* DomainPermissions.swift */; };
		0EFBA10420641FD3003D8E29 /* IglooError.swift in Sources */ = {isa = PBXBuildFile; fileRef = 0EFBA10320641FD3003D8E29 /* IglooError.swift */; };
		0EFBA10620641FD3003D8E29 /* IglooError.swift in Sources */ = {isa = PBXBuildFile; fileRef = 0EFBA10320641FD3003D8E29 /* IglooError.swift */; };
		0EFBA10720641FD3003D8E29 /* IglooError.swift in Sources */ = {isa = PBXBuildFile; fileRef = 0EFBA10320641FD3003D8E29 /* IglooError.swift */; };
		0EFBA1092064200C003D8E29 /* Message.swift in Sources */ = {isa = PBXBuildFile; fileRef = 0EFBA1082064200C003D8E29 /* Message.swift */; };
		0EFBA10B2064200C003D8E29 /* Message.swift in Sources */ = {isa = PBXBuildFile; fileRef = 0EFBA1082064200C003D8E29 /* Message.swift */; };
		0EFBA10C2064200C003D8E29 /* Message.swift in Sources */ = {isa = PBXBuildFile; fileRef = 0EFBA1082064200C003D8E29 /* Message.swift */; };
		0EFBA10E206420FA003D8E29 /* DomainProxy.swift in Sources */ = {isa = PBXBuildFile; fileRef = 0EFBA10D206420FA003D8E29 /* DomainProxy.swift */; };
		0EFBA110206420FA003D8E29 /* DomainProxy.swift in Sources */ = {isa = PBXBuildFile; fileRef = 0EFBA10D206420FA003D8E29 /* DomainProxy.swift */; };
		0EFBA111206420FA003D8E29 /* DomainProxy.swift in Sources */ = {isa = PBXBuildFile; fileRef = 0EFBA10D206420FA003D8E29 /* DomainProxy.swift */; };
		0EFBA11320642551003D8E29 /* AsyncAction.swift in Sources */ = {isa = PBXBuildFile; fileRef = 0EFBA11220642551003D8E29 /* AsyncAction.swift */; };
		0EFBA11520642551003D8E29 /* AsyncAction.swift in Sources */ = {isa = PBXBuildFile; fileRef = 0EFBA11220642551003D8E29 /* AsyncAction.swift */; };
		0EFBA11620642551003D8E29 /* AsyncAction.swift in Sources */ = {isa = PBXBuildFile; fileRef = 0EFBA11220642551003D8E29 /* AsyncAction.swift */; };
		0EFBA1182064256F003D8E29 /* SyncAction.swift in Sources */ = {isa = PBXBuildFile; fileRef = 0EFBA1172064256F003D8E29 /* SyncAction.swift */; };
		0EFBA11A2064256F003D8E29 /* SyncAction.swift in Sources */ = {isa = PBXBuildFile; fileRef = 0EFBA1172064256F003D8E29 /* SyncAction.swift */; };
		0EFBA11B2064256F003D8E29 /* SyncAction.swift in Sources */ = {isa = PBXBuildFile; fileRef = 0EFBA1172064256F003D8E29 /* SyncAction.swift */; };
		0EFBA14B20684430003D8E29 /* Common.framework in Frameworks */ = {isa = PBXBuildFile; fileRef = 0EFBA14920684424003D8E29 /* Common.framework */; };
/* End PBXBuildFile section */

/* Begin PBXContainerItemProxy section */
		0E9838E01FE5AA0600BD3E31 /* PBXContainerItemProxy */ = {
			isa = PBXContainerItemProxy;
			containerPortal = 0E9838341FE58EB500BD3E31 /* Project object */;
			proxyType = 1;
			remoteGlobalIDString = 0E98383E1FE58EFE00BD3E31;
			remoteInfo = "IglooKit-iOS";
		};
		0E9838F31FE5AB6300BD3E31 /* PBXContainerItemProxy */ = {
			isa = PBXContainerItemProxy;
			containerPortal = 0E9838341FE58EB500BD3E31 /* Project object */;
			proxyType = 1;
			remoteGlobalIDString = 0E9838591FE58F2D00BD3E31;
			remoteInfo = "IglooKit-tvOS";
		};
		0E9839041FE5ABBE00BD3E31 /* PBXContainerItemProxy */ = {
			isa = PBXContainerItemProxy;
			containerPortal = 0E9838341FE58EB500BD3E31 /* Project object */;
			proxyType = 1;
			remoteGlobalIDString = 0E9838661FE58F4300BD3E31;
			remoteInfo = "IglooKit-macOS";
		};
/* End PBXContainerItemProxy section */

/* Begin PBXFileReference section */
		0E36F22C20586009008C8451 /* ActionResult.swift */ = {isa = PBXFileReference; lastKnownFileType = sourcecode.swift; path = ActionResult.swift; sourceTree = "<group>"; };
		0E98383F1FE58EFE00BD3E31 /* Igloo.framework */ = {isa = PBXFileReference; explicitFileType = wrapper.framework; includeInIndex = 0; path = Igloo.framework; sourceTree = BUILT_PRODUCTS_DIR; };
		0E9838431FE58EFE00BD3E31 /* Info-iOS.plist */ = {isa = PBXFileReference; lastKnownFileType = text.plist.xml; path = "Info-iOS.plist"; sourceTree = "<group>"; };
		0E9838501FE58F1800BD3E31 /* Info-watchOS.plist */ = {isa = PBXFileReference; lastKnownFileType = text.plist.xml; path = "Info-watchOS.plist"; sourceTree = "<group>"; };
		0E98385A1FE58F2D00BD3E31 /* Igloo.framework */ = {isa = PBXFileReference; explicitFileType = wrapper.framework; includeInIndex = 0; path = Igloo.framework; sourceTree = BUILT_PRODUCTS_DIR; };
		0E98385D1FE58F2D00BD3E31 /* Info-tvOS.plist */ = {isa = PBXFileReference; lastKnownFileType = text.plist.xml; path = "Info-tvOS.plist"; sourceTree = "<group>"; };
		0E9838671FE58F4300BD3E31 /* Igloo.framework */ = {isa = PBXFileReference; explicitFileType = wrapper.framework; includeInIndex = 0; path = Igloo.framework; sourceTree = BUILT_PRODUCTS_DIR; };
		0E98386A1FE58F4300BD3E31 /* Info-macOS.plist */ = {isa = PBXFileReference; lastKnownFileType = text.plist.xml; path = "Info-macOS.plist"; sourceTree = "<group>"; };
		0E9838711FE58FB500BD3E31 /* Igloo.h */ = {isa = PBXFileReference; lastKnownFileType = sourcecode.c.h; path = Igloo.h; sourceTree = "<group>"; };
		0E9838721FE590A200BD3E31 /* State.swift */ = {isa = PBXFileReference; fileEncoding = 4; lastKnownFileType = sourcecode.swift; path = State.swift; sourceTree = "<group>"; };
		0E9838731FE590A200BD3E31 /* Dispatcher.swift */ = {isa = PBXFileReference; fileEncoding = 4; lastKnownFileType = sourcecode.swift; path = Dispatcher.swift; sourceTree = "<group>"; };
		0E9838741FE590A200BD3E31 /* Store.swift */ = {isa = PBXFileReference; fileEncoding = 4; lastKnownFileType = sourcecode.swift; path = Store.swift; sourceTree = "<group>"; };
		0E9838751FE590A200BD3E31 /* ActionType.swift */ = {isa = PBXFileReference; fileEncoding = 4; lastKnownFileType = sourcecode.swift; path = ActionType.swift; sourceTree = "<group>"; };
		0E9838761FE590A300BD3E31 /* Reducer.swift */ = {isa = PBXFileReference; fileEncoding = 4; lastKnownFileType = sourcecode.swift; path = Reducer.swift; sourceTree = "<group>"; };
		0E98388F1FE5924800BD3E31 /* LICENSE */ = {isa = PBXFileReference; lastKnownFileType = text; path = LICENSE; sourceTree = "<group>"; };
		0E9838901FE5926500BD3E31 /* README.md */ = {isa = PBXFileReference; lastKnownFileType = net.daringfireball.markdown; path = README.md; sourceTree = "<group>"; };
		0E9838931FE5964C00BD3E31 /* Cartfile */ = {isa = PBXFileReference; lastKnownFileType = text; path = Cartfile; sourceTree = "<group>"; };
		0E9838951FE5970D00BD3E31 /* PromiseKit.framework */ = {isa = PBXFileReference; lastKnownFileType = wrapper.framework; name = PromiseKit.framework; path = Carthage/Build/iOS/PromiseKit.framework; sourceTree = "<group>"; };
		0E9838971FE5972E00BD3E31 /* PromiseKit.framework */ = {isa = PBXFileReference; lastKnownFileType = wrapper.framework; name = PromiseKit.framework; path = Carthage/Build/watchOS/PromiseKit.framework; sourceTree = "<group>"; };
		0E9838991FE5973B00BD3E31 /* PromiseKit.framework */ = {isa = PBXFileReference; lastKnownFileType = wrapper.framework; name = PromiseKit.framework; path = Carthage/Build/tvOS/PromiseKit.framework; sourceTree = "<group>"; };
		0E98389B1FE5974A00BD3E31 /* PromiseKit.framework */ = {isa = PBXFileReference; lastKnownFileType = wrapper.framework; name = PromiseKit.framework; path = Carthage/Build/Mac/PromiseKit.framework; sourceTree = "<group>"; };
		0E9838A91FE59C6900BD3E31 /* Info-iOS.plist */ = {isa = PBXFileReference; lastKnownFileType = text.plist.xml; path = "Info-iOS.plist"; sourceTree = "<group>"; };
		0E9838B81FE59CFE00BD3E31 /* Info-tvOS.plist */ = {isa = PBXFileReference; lastKnownFileType = text.plist.xml; path = "Info-tvOS.plist"; sourceTree = "<group>"; };
		0E9838C71FE59D1A00BD3E31 /* Info-macOS.plist */ = {isa = PBXFileReference; lastKnownFileType = text.plist.xml; path = "Info-macOS.plist"; sourceTree = "<group>"; };
		0E9838CF1FE5A18700BD3E31 /* IglooTests.swift */ = {isa = PBXFileReference; lastKnownFileType = sourcecode.swift; path = IglooTests.swift; sourceTree = "<group>"; };
		0E9838DA1FE5AA0600BD3E31 /* IglooTests-iOS.xctest */ = {isa = PBXFileReference; explicitFileType = wrapper.cfbundle; includeInIndex = 0; path = "IglooTests-iOS.xctest"; sourceTree = BUILT_PRODUCTS_DIR; };
		0E9838ED1FE5AB6300BD3E31 /* IglooTests-tvOS.xctest */ = {isa = PBXFileReference; explicitFileType = wrapper.cfbundle; includeInIndex = 0; path = "IglooTests-tvOS.xctest"; sourceTree = BUILT_PRODUCTS_DIR; };
		0E9838FE1FE5ABBD00BD3E31 /* IglooTests-macOS.xctest */ = {isa = PBXFileReference; explicitFileType = wrapper.cfbundle; includeInIndex = 0; path = "IglooTests-macOS.xctest"; sourceTree = BUILT_PRODUCTS_DIR; };
		0EFBA0EA20635DB3003D8E29 /* ActionsFactory.swift */ = {isa = PBXFileReference; lastKnownFileType = sourcecode.swift; path = ActionsFactory.swift; sourceTree = "<group>"; };
		0EFBA0EF20641021003D8E29 /* Domain.swift */ = {isa = PBXFileReference; lastKnownFileType = sourcecode.swift; path = Domain.swift; sourceTree = "<group>"; };
		0EFBA0F4206410E6003D8E29 /* Action.swift */ = {isa = PBXFileReference; lastKnownFileType = sourcecode.swift; path = Action.swift; sourceTree = "<group>"; };
		0EFBA0F920641168003D8E29 /* Permissions.swift */ = {isa = PBXFileReference; lastKnownFileType = sourcecode.swift; path = Permissions.swift; sourceTree = "<group>"; };
		0EFBA0FE2064117F003D8E29 /* DomainPermissions.swift */ = {isa = PBXFileReference; lastKnownFileType = sourcecode.swift; path = DomainPermissions.swift; sourceTree = "<group>"; };
		0EFBA10320641FD3003D8E29 /* IglooError.swift */ = {isa = PBXFileReference; lastKnownFileType = sourcecode.swift; path = IglooError.swift; sourceTree = "<group>"; };
		0EFBA1082064200C003D8E29 /* Message.swift */ = {isa = PBXFileReference; lastKnownFileType = sourcecode.swift; path = Message.swift; sourceTree = "<group>"; };
		0EFBA10D206420FA003D8E29 /* DomainProxy.swift */ = {isa = PBXFileReference; lastKnownFileType = sourcecode.swift; path = DomainProxy.swift; sourceTree = "<group>"; };
		0EFBA11220642551003D8E29 /* AsyncAction.swift */ = {isa = PBXFileReference; lastKnownFileType = sourcecode.swift; path = AsyncAction.swift; sourceTree = "<group>"; };
		0EFBA1172064256F003D8E29 /* SyncAction.swift */ = {isa = PBXFileReference; lastKnownFileType = sourcecode.swift; path = SyncAction.swift; sourceTree = "<group>"; };
		0EFBA14920684424003D8E29 /* Common.framework */ = {isa = PBXFileReference; explicitFileType = wrapper.framework; path = Common.framework; sourceTree = BUILT_PRODUCTS_DIR; };
/* End PBXFileReference section */

/* Begin PBXFrameworksBuildPhase section */
		0E98383B1FE58EFE00BD3E31 /* Frameworks */ = {
			isa = PBXFrameworksBuildPhase;
			buildActionMask = 2147483647;
			files = (
				0E9838961FE5970D00BD3E31 /* PromiseKit.framework in Frameworks */,
			);
			runOnlyForDeploymentPostprocessing = 0;
		};
		0E9838561FE58F2D00BD3E31 /* Frameworks */ = {
			isa = PBXFrameworksBuildPhase;
			buildActionMask = 2147483647;
			files = (
				0E98389A1FE5973B00BD3E31 /* PromiseKit.framework in Frameworks */,
			);
			runOnlyForDeploymentPostprocessing = 0;
		};
		0E9838631FE58F4300BD3E31 /* Frameworks */ = {
			isa = PBXFrameworksBuildPhase;
			buildActionMask = 2147483647;
			files = (
				0EFBA14B20684430003D8E29 /* Common.framework in Frameworks */,
				0E98389C1FE5974A00BD3E31 /* PromiseKit.framework in Frameworks */,
			);
			runOnlyForDeploymentPostprocessing = 0;
		};
		0E9838D71FE5AA0600BD3E31 /* Frameworks */ = {
			isa = PBXFrameworksBuildPhase;
			buildActionMask = 2147483647;
			files = (
				0E9838E81FE5AA9D00BD3E31 /* PromiseKit.framework in Frameworks */,
				0E9838DF1FE5AA0600BD3E31 /* Igloo.framework in Frameworks */,
			);
			runOnlyForDeploymentPostprocessing = 0;
		};
		0E9838EA1FE5AB6300BD3E31 /* Frameworks */ = {
			isa = PBXFrameworksBuildPhase;
			buildActionMask = 2147483647;
			files = (
				0E9838F91FE5AB9A00BD3E31 /* PromiseKit.framework in Frameworks */,
				0E9838F21FE5AB6300BD3E31 /* Igloo.framework in Frameworks */,
			);
			runOnlyForDeploymentPostprocessing = 0;
		};
		0E9838FB1FE5ABBD00BD3E31 /* Frameworks */ = {
			isa = PBXFrameworksBuildPhase;
			buildActionMask = 2147483647;
			files = (
				0E98390C1FE5AC8400BD3E31 /* PromiseKit.framework in Frameworks */,
				0E9839031FE5ABBE00BD3E31 /* Igloo.framework in Frameworks */,
			);
			runOnlyForDeploymentPostprocessing = 0;
		};
/* End PBXFrameworksBuildPhase section */

/* Begin PBXGroup section */
		0E9838331FE58EB500BD3E31 = {
			isa = PBXGroup;
			children = (
				0E9838931FE5964C00BD3E31 /* Cartfile */,
				0E9838901FE5926500BD3E31 /* README.md */,
				0E98388F1FE5924800BD3E31 /* LICENSE */,
				0ECEE12921252D65009900EE /* Dependencies */,
				0E98386F1FE58F8700BD3E31 /* Sources */,
				0E9838CE1FE5A06E00BD3E31 /* IglooTests */,
				0E9838401FE58EFE00BD3E31 /* Products */,
				0E9838941FE5970C00BD3E31 /* Frameworks */,
			);
			sourceTree = "<group>";
		};
		0E9838401FE58EFE00BD3E31 /* Products */ = {
			isa = PBXGroup;
			children = (
				0E98383F1FE58EFE00BD3E31 /* Igloo.framework */,
				0E98385A1FE58F2D00BD3E31 /* Igloo.framework */,
				0E9838671FE58F4300BD3E31 /* Igloo.framework */,
				0E9838DA1FE5AA0600BD3E31 /* IglooTests-iOS.xctest */,
				0E9838ED1FE5AB6300BD3E31 /* IglooTests-tvOS.xctest */,
				0E9838FE1FE5ABBD00BD3E31 /* IglooTests-macOS.xctest */,
			);
			name = Products;
			sourceTree = "<group>";
		};
		0E98386F1FE58F8700BD3E31 /* Sources */ = {
			isa = PBXGroup;
			children = (
				0E9838711FE58FB500BD3E31 /* Igloo.h */,
				0EFBA0F920641168003D8E29 /* Permissions.swift */,
				0EFBA0FE2064117F003D8E29 /* DomainPermissions.swift */,
				0E9838751FE590A200BD3E31 /* ActionType.swift */,
				0EFBA11220642551003D8E29 /* AsyncAction.swift */,
				0EFBA1172064256F003D8E29 /* SyncAction.swift */,
				0E36F22C20586009008C8451 /* ActionResult.swift */,
				0EFBA0F4206410E6003D8E29 /* Action.swift */,
				0E9838731FE590A200BD3E31 /* Dispatcher.swift */,
				0E9838761FE590A300BD3E31 /* Reducer.swift */,
				0E9838721FE590A200BD3E31 /* State.swift */,
				0E9838741FE590A200BD3E31 /* Store.swift */,
				0EFBA0EA20635DB3003D8E29 /* ActionsFactory.swift */,
				0EFBA0EF20641021003D8E29 /* Domain.swift */,
				0EFBA10D206420FA003D8E29 /* DomainProxy.swift */,
				0EFBA10320641FD3003D8E29 /* IglooError.swift */,
				0EFBA1082064200C003D8E29 /* Message.swift */,
				0EAC391E1FE5ED3D00FB7AD1 /* Infos.plist */,
			);
			path = Sources;
			sourceTree = "<group>";
		};
		0E9838941FE5970C00BD3E31 /* Frameworks */ = {
			isa = PBXGroup;
			children = (
				0EFBA14920684424003D8E29 /* Common.framework */,
				0E98389B1FE5974A00BD3E31 /* PromiseKit.framework */,
				0E9838991FE5973B00BD3E31 /* PromiseKit.framework */,
				0E9838971FE5972E00BD3E31 /* PromiseKit.framework */,
				0E9838951FE5970D00BD3E31 /* PromiseKit.framework */,
			);
			name = Frameworks;
			sourceTree = "<group>";
		};
		0E9838CE1FE5A06E00BD3E31 /* IglooTests */ = {
			isa = PBXGroup;
			children = (
				0E9838CF1FE5A18700BD3E31 /* IglooTests.swift */,
				0E9838A91FE59C6900BD3E31 /* Info-iOS.plist */,
				0E9838B81FE59CFE00BD3E31 /* Info-tvOS.plist */,
				0E9838C71FE59D1A00BD3E31 /* Info-macOS.plist */,
			);
			path = IglooTests;
			sourceTree = "<group>";
		};
		0EAC391E1FE5ED3D00FB7AD1 /* Infos.plist */ = {
			isa = PBXGroup;
			children = (
				0E9838431FE58EFE00BD3E31 /* Info-iOS.plist */,
				0E9838501FE58F1800BD3E31 /* Info-watchOS.plist */,
				0E98385D1FE58F2D00BD3E31 /* Info-tvOS.plist */,
				0E98386A1FE58F4300BD3E31 /* Info-macOS.plist */,
			);
			name = Infos.plist;
			sourceTree = "<group>";
		};
		0ECEE12921252D65009900EE /* Dependencies */ = {
			isa = PBXGroup;
			children = (
			);
			path = Dependencies;
			sourceTree = "<group>";
		};
/* End PBXGroup section */

/* Begin PBXHeadersBuildPhase section */
		0E98383C1FE58EFE00BD3E31 /* Headers */ = {
			isa = PBXHeadersBuildPhase;
			buildActionMask = 2147483647;
			files = (
				0E98388B1FE5911000BD3E31 /* Igloo.h in Headers */,
			);
			runOnlyForDeploymentPostprocessing = 0;
		};
		0E9838571FE58F2D00BD3E31 /* Headers */ = {
			isa = PBXHeadersBuildPhase;
			buildActionMask = 2147483647;
			files = (
				0E98388D1FE5911100BD3E31 /* Igloo.h in Headers */,
			);
			runOnlyForDeploymentPostprocessing = 0;
		};
		0E9838641FE58F4300BD3E31 /* Headers */ = {
			isa = PBXHeadersBuildPhase;
			buildActionMask = 2147483647;
			files = (
				0E98388E1FE5911200BD3E31 /* Igloo.h in Headers */,
			);
			runOnlyForDeploymentPostprocessing = 0;
		};
/* End PBXHeadersBuildPhase section */

/* Begin PBXNativeTarget section */
		0E98383E1FE58EFE00BD3E31 /* Igloo-iOS */ = {
			isa = PBXNativeTarget;
			buildConfigurationList = 0E9838451FE58EFE00BD3E31 /* Build configuration list for PBXNativeTarget "Igloo-iOS" */;
			buildPhases = (
				0E98383A1FE58EFE00BD3E31 /* Sources */,
				0E98383B1FE58EFE00BD3E31 /* Frameworks */,
				0E98383C1FE58EFE00BD3E31 /* Headers */,
				0E98383D1FE58EFE00BD3E31 /* Resources */,
				0E9838A01FE597E600BD3E31 /* Copy PromiseKit */,
			);
			buildRules = (
			);
			dependencies = (
			);
			name = "Igloo-iOS";
			productName = "IglooKit-iOS";
			productReference = 0E98383F1FE58EFE00BD3E31 /* Igloo.framework */;
			productType = "com.apple.product-type.framework";
		};
		0E9838591FE58F2D00BD3E31 /* Igloo-tvOS */ = {
			isa = PBXNativeTarget;
			buildConfigurationList = 0E98385F1FE58F2D00BD3E31 /* Build configuration list for PBXNativeTarget "Igloo-tvOS" */;
			buildPhases = (
				0E9838551FE58F2D00BD3E31 /* Sources */,
				0E9838561FE58F2D00BD3E31 /* Frameworks */,
				0E9838571FE58F2D00BD3E31 /* Headers */,
				0E9838581FE58F2D00BD3E31 /* Resources */,
				0E98389E1FE597AC00BD3E31 /* Copy PromiseKit */,
			);
			buildRules = (
			);
			dependencies = (
			);
			name = "Igloo-tvOS";
			productName = "IglooKit-tvOS";
			productReference = 0E98385A1FE58F2D00BD3E31 /* Igloo.framework */;
			productType = "com.apple.product-type.framework";
		};
		0E9838661FE58F4300BD3E31 /* Igloo-macOS */ = {
			isa = PBXNativeTarget;
			buildConfigurationList = 0E98386C1FE58F4300BD3E31 /* Build configuration list for PBXNativeTarget "Igloo-macOS" */;
			buildPhases = (
				0E9838641FE58F4300BD3E31 /* Headers */,
				0E9838621FE58F4300BD3E31 /* Sources */,
				0E9838631FE58F4300BD3E31 /* Frameworks */,
				0E9838651FE58F4300BD3E31 /* Resources */,
			);
			buildRules = (
			);
			dependencies = (
			);
			name = "Igloo-macOS";
			productName = "IglooKit-macOS";
			productReference = 0E9838671FE58F4300BD3E31 /* Igloo.framework */;
			productType = "com.apple.product-type.framework";
		};
		0E9838D91FE5AA0600BD3E31 /* IglooTests-iOS */ = {
			isa = PBXNativeTarget;
			buildConfigurationList = 0E9838E21FE5AA0600BD3E31 /* Build configuration list for PBXNativeTarget "IglooTests-iOS" */;
			buildPhases = (
				0E9838D61FE5AA0600BD3E31 /* Sources */,
				0E9838D71FE5AA0600BD3E31 /* Frameworks */,
				0E9838D81FE5AA0600BD3E31 /* Resources */,
				0E9838E71FE5AA6500BD3E31 /* Copy PromiseKit */,
			);
			buildRules = (
			);
			dependencies = (
				0E9838E11FE5AA0600BD3E31 /* PBXTargetDependency */,
			);
			name = "IglooTests-iOS";
			productName = "IglooKitTests-iOS";
			productReference = 0E9838DA1FE5AA0600BD3E31 /* IglooTests-iOS.xctest */;
			productType = "com.apple.product-type.bundle.unit-test";
		};
		0E9838EC1FE5AB6300BD3E31 /* IglooTests-tvOS */ = {
			isa = PBXNativeTarget;
			buildConfigurationList = 0E9838F51FE5AB6300BD3E31 /* Build configuration list for PBXNativeTarget "IglooTests-tvOS" */;
			buildPhases = (
				0E9838E91FE5AB6300BD3E31 /* Sources */,
				0E9838EA1FE5AB6300BD3E31 /* Frameworks */,
				0E9838EB1FE5AB6300BD3E31 /* Resources */,
				0E9838F81FE5AB6C00BD3E31 /* Copy PromiseKit */,
			);
			buildRules = (
			);
			dependencies = (
				0E9838F41FE5AB6300BD3E31 /* PBXTargetDependency */,
			);
			name = "IglooTests-tvOS";
			productName = "IglooKitTests-tvOS";
			productReference = 0E9838ED1FE5AB6300BD3E31 /* IglooTests-tvOS.xctest */;
			productType = "com.apple.product-type.bundle.unit-test";
		};
		0E9838FD1FE5ABBD00BD3E31 /* IglooTests-macOS */ = {
			isa = PBXNativeTarget;
			buildConfigurationList = 0E9839061FE5ABBE00BD3E31 /* Build configuration list for PBXNativeTarget "IglooTests-macOS" */;
			buildPhases = (
				0E9838FA1FE5ABBD00BD3E31 /* Sources */,
				0E9838FB1FE5ABBD00BD3E31 /* Frameworks */,
				0E9838FC1FE5ABBD00BD3E31 /* Resources */,
				0E9839091FE5ABED00BD3E31 /* Copy PromiseKit */,
			);
			buildRules = (
			);
			dependencies = (
				0E9839051FE5ABBE00BD3E31 /* PBXTargetDependency */,
			);
			name = "IglooTests-macOS";
			productName = "IglooKitTests-macOS";
			productReference = 0E9838FE1FE5ABBD00BD3E31 /* IglooTests-macOS.xctest */;
			productType = "com.apple.product-type.bundle.unit-test";
		};
/* End PBXNativeTarget section */

/* Begin PBXProject section */
		0E9838341FE58EB500BD3E31 /* Project object */ = {
			isa = PBXProject;
			attributes = {
				LastSwiftUpdateCheck = 0920;
				LastUpgradeCheck = 0930;
				TargetAttributes = {
					0E98383E1FE58EFE00BD3E31 = {
						CreatedOnToolsVersion = 9.2;
						LastSwiftMigration = 0920;
						ProvisioningStyle = Automatic;
					};
					0E9838591FE58F2D00BD3E31 = {
						CreatedOnToolsVersion = 9.2;
						ProvisioningStyle = Automatic;
					};
					0E9838661FE58F4300BD3E31 = {
						CreatedOnToolsVersion = 9.2;
						ProvisioningStyle = Automatic;
					};
					0E9838D91FE5AA0600BD3E31 = {
						CreatedOnToolsVersion = 9.2;
						ProvisioningStyle = Automatic;
					};
					0E9838EC1FE5AB6300BD3E31 = {
						CreatedOnToolsVersion = 9.2;
						ProvisioningStyle = Automatic;
					};
					0E9838FD1FE5ABBD00BD3E31 = {
						CreatedOnToolsVersion = 9.2;
						ProvisioningStyle = Automatic;
					};
				};
			};
			buildConfigurationList = 0E9838371FE58EB500BD3E31 /* Build configuration list for PBXProject "Igloo" */;
			compatibilityVersion = "Xcode 8.0";
			developmentRegion = en;
			hasScannedForEncodings = 0;
			knownRegions = (
				en,
			);
			mainGroup = 0E9838331FE58EB500BD3E31;
			productRefGroup = 0E9838401FE58EFE00BD3E31 /* Products */;
			projectDirPath = "";
			projectRoot = "";
			targets = (
				0E98383E1FE58EFE00BD3E31 /* Igloo-iOS */,
				0E9838591FE58F2D00BD3E31 /* Igloo-tvOS */,
				0E9838661FE58F4300BD3E31 /* Igloo-macOS */,
				0E9838D91FE5AA0600BD3E31 /* IglooTests-iOS */,
				0E9838EC1FE5AB6300BD3E31 /* IglooTests-tvOS */,
				0E9838FD1FE5ABBD00BD3E31 /* IglooTests-macOS */,
			);
		};
/* End PBXProject section */

/* Begin PBXResourcesBuildPhase section */
		0E98383D1FE58EFE00BD3E31 /* Resources */ = {
			isa = PBXResourcesBuildPhase;
			buildActionMask = 2147483647;
			files = (
			);
			runOnlyForDeploymentPostprocessing = 0;
		};
		0E9838581FE58F2D00BD3E31 /* Resources */ = {
			isa = PBXResourcesBuildPhase;
			buildActionMask = 2147483647;
			files = (
			);
			runOnlyForDeploymentPostprocessing = 0;
		};
		0E9838651FE58F4300BD3E31 /* Resources */ = {
			isa = PBXResourcesBuildPhase;
			buildActionMask = 2147483647;
			files = (
			);
			runOnlyForDeploymentPostprocessing = 0;
		};
		0E9838D81FE5AA0600BD3E31 /* Resources */ = {
			isa = PBXResourcesBuildPhase;
			buildActionMask = 2147483647;
			files = (
			);
			runOnlyForDeploymentPostprocessing = 0;
		};
		0E9838EB1FE5AB6300BD3E31 /* Resources */ = {
			isa = PBXResourcesBuildPhase;
			buildActionMask = 2147483647;
			files = (
			);
			runOnlyForDeploymentPostprocessing = 0;
		};
		0E9838FC1FE5ABBD00BD3E31 /* Resources */ = {
			isa = PBXResourcesBuildPhase;
			buildActionMask = 2147483647;
			files = (
			);
			runOnlyForDeploymentPostprocessing = 0;
		};
/* End PBXResourcesBuildPhase section */

/* Begin PBXShellScriptBuildPhase section */
		0E98389E1FE597AC00BD3E31 /* Copy PromiseKit */ = {
			isa = PBXShellScriptBuildPhase;
			buildActionMask = 2147483647;
			files = (
			);
			inputPaths = (
				"$(SRCROOT)/Carthage/Build/tvOS/PromiseKit.framework",
			);
			name = "Copy PromiseKit";
			outputPaths = (
			);
			runOnlyForDeploymentPostprocessing = 0;
			shellPath = /bin/sh;
			shellScript = "/usr/local/bin/carthage copy-frameworks";
		};
		0E9838A01FE597E600BD3E31 /* Copy PromiseKit */ = {
			isa = PBXShellScriptBuildPhase;
			buildActionMask = 2147483647;
			files = (
			);
			inputPaths = (
				"$(SRCROOT)/Carthage/Build/iOS/PromiseKit.framework",
			);
			name = "Copy PromiseKit";
			outputPaths = (
			);
			runOnlyForDeploymentPostprocessing = 0;
			shellPath = /bin/sh;
			shellScript = "/usr/local/bin/carthage copy-frameworks";
		};
		0E9838E71FE5AA6500BD3E31 /* Copy PromiseKit */ = {
			isa = PBXShellScriptBuildPhase;
			buildActionMask = 2147483647;
			files = (
			);
			inputPaths = (
				"$(SRCROOT)/Carthage/Build/iOS/PromiseKit.framework",
			);
			name = "Copy PromiseKit";
			outputPaths = (
			);
			runOnlyForDeploymentPostprocessing = 0;
			shellPath = /bin/sh;
			shellScript = "/usr/local/bin/carthage copy-frameworks";
		};
		0E9838F81FE5AB6C00BD3E31 /* Copy PromiseKit */ = {
			isa = PBXShellScriptBuildPhase;
			buildActionMask = 2147483647;
			files = (
			);
			inputPaths = (
				"$(SRCROOT)/Carthage/Build/tvOS/PromiseKit.framework",
			);
			name = "Copy PromiseKit";
			outputPaths = (
			);
			runOnlyForDeploymentPostprocessing = 0;
			shellPath = /bin/sh;
			shellScript = "/usr/local/bin/carthage copy-frameworks";
		};
		0E9839091FE5ABED00BD3E31 /* Copy PromiseKit */ = {
			isa = PBXShellScriptBuildPhase;
			buildActionMask = 2147483647;
			files = (
			);
			inputPaths = (
				"$(SRCROOT)/Carthage/Build/Mac/PromiseKit.framework",
			);
			name = "Copy PromiseKit";
			outputPaths = (
			);
			runOnlyForDeploymentPostprocessing = 0;
			shellPath = /bin/sh;
			shellScript = "/usr/local/bin/carthage copy-frameworks";
		};
/* End PBXShellScriptBuildPhase section */

/* Begin PBXSourcesBuildPhase section */
		0E98383A1FE58EFE00BD3E31 /* Sources */ = {
			isa = PBXSourcesBuildPhase;
			buildActionMask = 2147483647;
			files = (
				0EFBA0EB20635DB3003D8E29 /* ActionsFactory.swift in Sources */,
				0EFBA10E206420FA003D8E29 /* DomainProxy.swift in Sources */,
				0EFBA0FF2064117F003D8E29 /* DomainPermissions.swift in Sources */,
				0EFBA1182064256F003D8E29 /* SyncAction.swift in Sources */,
				0EFBA10420641FD3003D8E29 /* IglooError.swift in Sources */,
				0E9838791FE590A300BD3E31 /* Store.swift in Sources */,
				0EFBA0F5206410E6003D8E29 /* Action.swift in Sources */,
				0E98387A1FE590A300BD3E31 /* ActionType.swift in Sources */,
				0EFBA11320642551003D8E29 /* AsyncAction.swift in Sources */,
				0E9838781FE590A300BD3E31 /* Dispatcher.swift in Sources */,
				0E98387B1FE590A300BD3E31 /* Reducer.swift in Sources */,
				0E36F22D20586009008C8451 /* ActionResult.swift in Sources */,
				0E9838771FE590A300BD3E31 /* State.swift in Sources */,
				0EFBA0FA20641168003D8E29 /* Permissions.swift in Sources */,
				0EFBA0F020641021003D8E29 /* Domain.swift in Sources */,
				0EFBA1092064200C003D8E29 /* Message.swift in Sources */,
			);
			runOnlyForDeploymentPostprocessing = 0;
		};
		0E9838551FE58F2D00BD3E31 /* Sources */ = {
			isa = PBXSourcesBuildPhase;
			buildActionMask = 2147483647;
			files = (
				0EFBA0ED20635DB3003D8E29 /* ActionsFactory.swift in Sources */,
				0EFBA110206420FA003D8E29 /* DomainProxy.swift in Sources */,
				0EFBA1012064117F003D8E29 /* DomainPermissions.swift in Sources */,
				0EFBA11A2064256F003D8E29 /* SyncAction.swift in Sources */,
				0EFBA10620641FD3003D8E29 /* IglooError.swift in Sources */,
				0E9838851FE590A900BD3E31 /* Store.swift in Sources */,
				0EFBA0F7206410E6003D8E29 /* Action.swift in Sources */,
				0E9838821FE590A800BD3E31 /* Dispatcher.swift in Sources */,
				0EFBA11520642551003D8E29 /* AsyncAction.swift in Sources */,
				0E9838811FE590A800BD3E31 /* ActionType.swift in Sources */,
				0E9838831FE590A800BD3E31 /* Reducer.swift in Sources */,
				0E36F22F20586009008C8451 /* ActionResult.swift in Sources */,
				0E9838841FE590A900BD3E31 /* State.swift in Sources */,
				0EFBA0FC20641168003D8E29 /* Permissions.swift in Sources */,
				0EFBA0F220641021003D8E29 /* Domain.swift in Sources */,
				0EFBA10B2064200C003D8E29 /* Message.swift in Sources */,
			);
			runOnlyForDeploymentPostprocessing = 0;
		};
		0E9838621FE58F4300BD3E31 /* Sources */ = {
			isa = PBXSourcesBuildPhase;
			buildActionMask = 2147483647;
			files = (
				0EFBA0EE20635DB3003D8E29 /* ActionsFactory.swift in Sources */,
				0EFBA111206420FA003D8E29 /* DomainProxy.swift in Sources */,
				0EFBA1022064117F003D8E29 /* DomainPermissions.swift in Sources */,
				0EFBA11B2064256F003D8E29 /* SyncAction.swift in Sources */,
				0EFBA10720641FD3003D8E29 /* IglooError.swift in Sources */,
				0E98388A1FE590A900BD3E31 /* Store.swift in Sources */,
				0EFBA0F8206410E6003D8E29 /* Action.swift in Sources */,
				0E9838871FE590A900BD3E31 /* Dispatcher.swift in Sources */,
				0EFBA11620642551003D8E29 /* AsyncAction.swift in Sources */,
				0E9838861FE590A900BD3E31 /* ActionType.swift in Sources */,
				0E9838881FE590A900BD3E31 /* Reducer.swift in Sources */,
				0E36F23020586009008C8451 /* ActionResult.swift in Sources */,
				0E9838891FE590A900BD3E31 /* State.swift in Sources */,
				0EFBA0FD20641168003D8E29 /* Permissions.swift in Sources */,
				0EFBA0F320641021003D8E29 /* Domain.swift in Sources */,
				0EFBA10C2064200C003D8E29 /* Message.swift in Sources */,
			);
			runOnlyForDeploymentPostprocessing = 0;
		};
		0E9838D61FE5AA0600BD3E31 /* Sources */ = {
			isa = PBXSourcesBuildPhase;
			buildActionMask = 2147483647;
			files = (
				0E9838E61FE5AA1C00BD3E31 /* IglooTests.swift in Sources */,
			);
			runOnlyForDeploymentPostprocessing = 0;
		};
		0E9838E91FE5AB6300BD3E31 /* Sources */ = {
			isa = PBXSourcesBuildPhase;
			buildActionMask = 2147483647;
			files = (
				0E98390B1FE5AC3700BD3E31 /* IglooTests.swift in Sources */,
			);
			runOnlyForDeploymentPostprocessing = 0;
		};
		0E9838FA1FE5ABBD00BD3E31 /* Sources */ = {
			isa = PBXSourcesBuildPhase;
			buildActionMask = 2147483647;
			files = (
				0E98390A1FE5AC3600BD3E31 /* IglooTests.swift in Sources */,
			);
			runOnlyForDeploymentPostprocessing = 0;
		};
/* End PBXSourcesBuildPhase section */

/* Begin PBXTargetDependency section */
		0E9838E11FE5AA0600BD3E31 /* PBXTargetDependency */ = {
			isa = PBXTargetDependency;
			target = 0E98383E1FE58EFE00BD3E31 /* Igloo-iOS */;
			targetProxy = 0E9838E01FE5AA0600BD3E31 /* PBXContainerItemProxy */;
		};
		0E9838F41FE5AB6300BD3E31 /* PBXTargetDependency */ = {
			isa = PBXTargetDependency;
			target = 0E9838591FE58F2D00BD3E31 /* Igloo-tvOS */;
			targetProxy = 0E9838F31FE5AB6300BD3E31 /* PBXContainerItemProxy */;
		};
		0E9839051FE5ABBE00BD3E31 /* PBXTargetDependency */ = {
			isa = PBXTargetDependency;
			target = 0E9838661FE58F4300BD3E31 /* Igloo-macOS */;
			targetProxy = 0E9839041FE5ABBE00BD3E31 /* PBXContainerItemProxy */;
		};
/* End PBXTargetDependency section */

/* Begin XCBuildConfiguration section */
		0E9838381FE58EB500BD3E31 /* Debug */ = {
			isa = XCBuildConfiguration;
			buildSettings = {
				CLANG_WARN_BLOCK_CAPTURE_AUTORELEASING = YES;
				CLANG_WARN_BOOL_CONVERSION = YES;
				CLANG_WARN_COMMA = YES;
				CLANG_WARN_CONSTANT_CONVERSION = YES;
				CLANG_WARN_DEPRECATED_OBJC_IMPLEMENTATIONS = YES;
				CLANG_WARN_EMPTY_BODY = YES;
				CLANG_WARN_ENUM_CONVERSION = YES;
				CLANG_WARN_INFINITE_RECURSION = YES;
				CLANG_WARN_INT_CONVERSION = YES;
				CLANG_WARN_NON_LITERAL_NULL_CONVERSION = YES;
				CLANG_WARN_OBJC_IMPLICIT_RETAIN_SELF = YES;
				CLANG_WARN_OBJC_LITERAL_CONVERSION = YES;
				CLANG_WARN_RANGE_LOOP_ANALYSIS = YES;
				CLANG_WARN_STRICT_PROTOTYPES = YES;
				CLANG_WARN_SUSPICIOUS_MOVE = YES;
				CLANG_WARN_UNREACHABLE_CODE = YES;
				CLANG_WARN__DUPLICATE_METHOD_MATCH = YES;
				ENABLE_STRICT_OBJC_MSGSEND = YES;
				ENABLE_TESTABILITY = YES;
				GCC_NO_COMMON_BLOCKS = YES;
				GCC_WARN_64_TO_32_BIT_CONVERSION = YES;
				GCC_WARN_ABOUT_RETURN_TYPE = YES;
				GCC_WARN_UNDECLARED_SELECTOR = YES;
				GCC_WARN_UNINITIALIZED_AUTOS = YES;
				GCC_WARN_UNUSED_FUNCTION = YES;
				GCC_WARN_UNUSED_VARIABLE = YES;
				IPHONEOS_DEPLOYMENT_TARGET = 10.0;
				MACOSX_DEPLOYMENT_TARGET = 10.13;
				ONLY_ACTIVE_ARCH = YES;
				SWIFT_VERSION = 4.0;
			};
			name = Debug;
		};
		0E9838391FE58EB500BD3E31 /* Release */ = {
			isa = XCBuildConfiguration;
			buildSettings = {
				CLANG_WARN_BLOCK_CAPTURE_AUTORELEASING = YES;
				CLANG_WARN_BOOL_CONVERSION = YES;
				CLANG_WARN_COMMA = YES;
				CLANG_WARN_CONSTANT_CONVERSION = YES;
				CLANG_WARN_DEPRECATED_OBJC_IMPLEMENTATIONS = YES;
				CLANG_WARN_EMPTY_BODY = YES;
				CLANG_WARN_ENUM_CONVERSION = YES;
				CLANG_WARN_INFINITE_RECURSION = YES;
				CLANG_WARN_INT_CONVERSION = YES;
				CLANG_WARN_NON_LITERAL_NULL_CONVERSION = YES;
				CLANG_WARN_OBJC_IMPLICIT_RETAIN_SELF = YES;
				CLANG_WARN_OBJC_LITERAL_CONVERSION = YES;
				CLANG_WARN_RANGE_LOOP_ANALYSIS = YES;
				CLANG_WARN_STRICT_PROTOTYPES = YES;
				CLANG_WARN_SUSPICIOUS_MOVE = YES;
				CLANG_WARN_UNREACHABLE_CODE = YES;
				CLANG_WARN__DUPLICATE_METHOD_MATCH = YES;
				ENABLE_STRICT_OBJC_MSGSEND = YES;
				GCC_NO_COMMON_BLOCKS = YES;
				GCC_WARN_64_TO_32_BIT_CONVERSION = YES;
				GCC_WARN_ABOUT_RETURN_TYPE = YES;
				GCC_WARN_UNDECLARED_SELECTOR = YES;
				GCC_WARN_UNINITIALIZED_AUTOS = YES;
				GCC_WARN_UNUSED_FUNCTION = YES;
				GCC_WARN_UNUSED_VARIABLE = YES;
				IPHONEOS_DEPLOYMENT_TARGET = 10.0;
				MACOSX_DEPLOYMENT_TARGET = 10.13;
				SWIFT_VERSION = 4.0;
			};
			name = Release;
		};
		0E9838461FE58EFE00BD3E31 /* Debug */ = {
			isa = XCBuildConfiguration;
			buildSettings = {
				ALWAYS_SEARCH_USER_PATHS = NO;
				CLANG_ANALYZER_NONNULL = YES;
				CLANG_ANALYZER_NUMBER_OBJECT_CONVERSION = YES_AGGRESSIVE;
				CLANG_CXX_LANGUAGE_STANDARD = "gnu++14";
				CLANG_CXX_LIBRARY = "libc++";
				CLANG_ENABLE_MODULES = YES;
				CLANG_ENABLE_OBJC_ARC = YES;
				CLANG_WARN_BLOCK_CAPTURE_AUTORELEASING = YES;
				CLANG_WARN_BOOL_CONVERSION = YES;
				CLANG_WARN_COMMA = YES;
				CLANG_WARN_CONSTANT_CONVERSION = YES;
				CLANG_WARN_DIRECT_OBJC_ISA_USAGE = YES_ERROR;
				CLANG_WARN_DOCUMENTATION_COMMENTS = YES;
				CLANG_WARN_EMPTY_BODY = YES;
				CLANG_WARN_ENUM_CONVERSION = YES;
				CLANG_WARN_INFINITE_RECURSION = YES;
				CLANG_WARN_INT_CONVERSION = YES;
				CLANG_WARN_NON_LITERAL_NULL_CONVERSION = YES;
				CLANG_WARN_OBJC_LITERAL_CONVERSION = YES;
				CLANG_WARN_OBJC_ROOT_CLASS = YES_ERROR;
				CLANG_WARN_RANGE_LOOP_ANALYSIS = YES;
				CLANG_WARN_STRICT_PROTOTYPES = YES;
				CLANG_WARN_SUSPICIOUS_MOVE = YES;
				CLANG_WARN_UNGUARDED_AVAILABILITY = YES_AGGRESSIVE;
				CLANG_WARN_UNREACHABLE_CODE = YES;
				CLANG_WARN__DUPLICATE_METHOD_MATCH = YES;
				CODE_SIGN_IDENTITY = "";
				CODE_SIGN_STYLE = Automatic;
				COPY_PHASE_STRIP = NO;
				CURRENT_PROJECT_VERSION = 1;
				DEBUG_INFORMATION_FORMAT = dwarf;
				DEFINES_MODULE = YES;
				DEVELOPMENT_TEAM = EE22LK9AUV;
				DYLIB_COMPATIBILITY_VERSION = 1;
				DYLIB_CURRENT_VERSION = 1;
				DYLIB_INSTALL_NAME_BASE = "@rpath";
				ENABLE_STRICT_OBJC_MSGSEND = YES;
				ENABLE_TESTABILITY = YES;
				FRAMEWORK_SEARCH_PATHS = (
					"$(inherited)",
					"$(PROJECT_DIR)/Carthage/Build/iOS",
				);
				GCC_C_LANGUAGE_STANDARD = gnu11;
				GCC_DYNAMIC_NO_PIC = NO;
				GCC_NO_COMMON_BLOCKS = YES;
				GCC_OPTIMIZATION_LEVEL = 0;
				GCC_PREPROCESSOR_DEFINITIONS = (
					"DEBUG=1",
					"$(inherited)",
				);
				GCC_WARN_64_TO_32_BIT_CONVERSION = YES;
				GCC_WARN_ABOUT_RETURN_TYPE = YES_ERROR;
				GCC_WARN_UNDECLARED_SELECTOR = YES;
				GCC_WARN_UNINITIALIZED_AUTOS = YES_AGGRESSIVE;
				GCC_WARN_UNUSED_FUNCTION = YES;
				GCC_WARN_UNUSED_VARIABLE = YES;
				INFOPLIST_FILE = "Sources/Info-iOS.plist";
				INSTALL_PATH = "$(LOCAL_LIBRARY_DIR)/Frameworks";
				IPHONEOS_DEPLOYMENT_TARGET = 11.2;
				LD_RUNPATH_SEARCH_PATHS = "$(inherited) @executable_path/Frameworks @loader_path/Frameworks";
				MTL_ENABLE_DEBUG_INFO = YES;
				ONLY_ACTIVE_ARCH = YES;
				PRODUCT_BUNDLE_IDENTIFIER = "media.nebula.Igloo-iOS";
				PRODUCT_NAME = Igloo;
				SDKROOT = iphoneos;
				SKIP_INSTALL = YES;
				SWIFT_ACTIVE_COMPILATION_CONDITIONS = DEBUG;
				SWIFT_OPTIMIZATION_LEVEL = "-Onone";
				SWIFT_VERSION = 4.0;
				TARGETED_DEVICE_FAMILY = "1,2";
				VERSIONING_SYSTEM = "apple-generic";
				VERSION_INFO_PREFIX = "";
			};
			name = Debug;
		};
		0E9838471FE58EFE00BD3E31 /* Release */ = {
			isa = XCBuildConfiguration;
			buildSettings = {
				ALWAYS_SEARCH_USER_PATHS = NO;
				CLANG_ANALYZER_NONNULL = YES;
				CLANG_ANALYZER_NUMBER_OBJECT_CONVERSION = YES_AGGRESSIVE;
				CLANG_CXX_LANGUAGE_STANDARD = "gnu++14";
				CLANG_CXX_LIBRARY = "libc++";
				CLANG_ENABLE_MODULES = YES;
				CLANG_ENABLE_OBJC_ARC = YES;
				CLANG_WARN_BLOCK_CAPTURE_AUTORELEASING = YES;
				CLANG_WARN_BOOL_CONVERSION = YES;
				CLANG_WARN_COMMA = YES;
				CLANG_WARN_CONSTANT_CONVERSION = YES;
				CLANG_WARN_DIRECT_OBJC_ISA_USAGE = YES_ERROR;
				CLANG_WARN_DOCUMENTATION_COMMENTS = YES;
				CLANG_WARN_EMPTY_BODY = YES;
				CLANG_WARN_ENUM_CONVERSION = YES;
				CLANG_WARN_INFINITE_RECURSION = YES;
				CLANG_WARN_INT_CONVERSION = YES;
				CLANG_WARN_NON_LITERAL_NULL_CONVERSION = YES;
				CLANG_WARN_OBJC_LITERAL_CONVERSION = YES;
				CLANG_WARN_OBJC_ROOT_CLASS = YES_ERROR;
				CLANG_WARN_RANGE_LOOP_ANALYSIS = YES;
				CLANG_WARN_STRICT_PROTOTYPES = YES;
				CLANG_WARN_SUSPICIOUS_MOVE = YES;
				CLANG_WARN_UNGUARDED_AVAILABILITY = YES_AGGRESSIVE;
				CLANG_WARN_UNREACHABLE_CODE = YES;
				CLANG_WARN__DUPLICATE_METHOD_MATCH = YES;
				CODE_SIGN_IDENTITY = "";
				CODE_SIGN_STYLE = Automatic;
				COPY_PHASE_STRIP = NO;
				CURRENT_PROJECT_VERSION = 1;
				DEBUG_INFORMATION_FORMAT = "dwarf-with-dsym";
				DEFINES_MODULE = YES;
				DEVELOPMENT_TEAM = EE22LK9AUV;
				DYLIB_COMPATIBILITY_VERSION = 1;
				DYLIB_CURRENT_VERSION = 1;
				DYLIB_INSTALL_NAME_BASE = "@rpath";
				ENABLE_NS_ASSERTIONS = NO;
				ENABLE_STRICT_OBJC_MSGSEND = YES;
				FRAMEWORK_SEARCH_PATHS = (
					"$(inherited)",
					"$(PROJECT_DIR)/Carthage/Build/iOS",
				);
				GCC_C_LANGUAGE_STANDARD = gnu11;
				GCC_NO_COMMON_BLOCKS = YES;
				GCC_WARN_64_TO_32_BIT_CONVERSION = YES;
				GCC_WARN_ABOUT_RETURN_TYPE = YES_ERROR;
				GCC_WARN_UNDECLARED_SELECTOR = YES;
				GCC_WARN_UNINITIALIZED_AUTOS = YES_AGGRESSIVE;
				GCC_WARN_UNUSED_FUNCTION = YES;
				GCC_WARN_UNUSED_VARIABLE = YES;
				INFOPLIST_FILE = "Sources/Info-iOS.plist";
				INSTALL_PATH = "$(LOCAL_LIBRARY_DIR)/Frameworks";
				IPHONEOS_DEPLOYMENT_TARGET = 11.2;
				LD_RUNPATH_SEARCH_PATHS = "$(inherited) @executable_path/Frameworks @loader_path/Frameworks";
				MTL_ENABLE_DEBUG_INFO = NO;
				PRODUCT_BUNDLE_IDENTIFIER = "media.nebula.Igloo-iOS";
				PRODUCT_NAME = Igloo;
				SDKROOT = iphoneos;
				SKIP_INSTALL = YES;
				SWIFT_OPTIMIZATION_LEVEL = "-Owholemodule";
				SWIFT_VERSION = 4.0;
				TARGETED_DEVICE_FAMILY = "1,2";
				VALIDATE_PRODUCT = YES;
				VERSIONING_SYSTEM = "apple-generic";
				VERSION_INFO_PREFIX = "";
			};
			name = Release;
		};
		0E9838601FE58F2D00BD3E31 /* Debug */ = {
			isa = XCBuildConfiguration;
			buildSettings = {
				ALWAYS_SEARCH_USER_PATHS = NO;
				CLANG_ANALYZER_NONNULL = YES;
				CLANG_ANALYZER_NUMBER_OBJECT_CONVERSION = YES_AGGRESSIVE;
				CLANG_CXX_LANGUAGE_STANDARD = "gnu++14";
				CLANG_CXX_LIBRARY = "libc++";
				CLANG_ENABLE_MODULES = YES;
				CLANG_ENABLE_OBJC_ARC = YES;
				CLANG_WARN_BLOCK_CAPTURE_AUTORELEASING = YES;
				CLANG_WARN_BOOL_CONVERSION = YES;
				CLANG_WARN_COMMA = YES;
				CLANG_WARN_CONSTANT_CONVERSION = YES;
				CLANG_WARN_DIRECT_OBJC_ISA_USAGE = YES_ERROR;
				CLANG_WARN_DOCUMENTATION_COMMENTS = YES;
				CLANG_WARN_EMPTY_BODY = YES;
				CLANG_WARN_ENUM_CONVERSION = YES;
				CLANG_WARN_INFINITE_RECURSION = YES;
				CLANG_WARN_INT_CONVERSION = YES;
				CLANG_WARN_NON_LITERAL_NULL_CONVERSION = YES;
				CLANG_WARN_OBJC_LITERAL_CONVERSION = YES;
				CLANG_WARN_OBJC_ROOT_CLASS = YES_ERROR;
				CLANG_WARN_RANGE_LOOP_ANALYSIS = YES;
				CLANG_WARN_STRICT_PROTOTYPES = YES;
				CLANG_WARN_SUSPICIOUS_MOVE = YES;
				CLANG_WARN_UNGUARDED_AVAILABILITY = YES_AGGRESSIVE;
				CLANG_WARN_UNREACHABLE_CODE = YES;
				CLANG_WARN__DUPLICATE_METHOD_MATCH = YES;
				CODE_SIGN_IDENTITY = "";
				CODE_SIGN_STYLE = Automatic;
				COPY_PHASE_STRIP = NO;
				CURRENT_PROJECT_VERSION = 1;
				DEBUG_INFORMATION_FORMAT = dwarf;
				DEFINES_MODULE = YES;
				DEVELOPMENT_TEAM = EE22LK9AUV;
				DYLIB_COMPATIBILITY_VERSION = 1;
				DYLIB_CURRENT_VERSION = 1;
				DYLIB_INSTALL_NAME_BASE = "@rpath";
				ENABLE_STRICT_OBJC_MSGSEND = YES;
				ENABLE_TESTABILITY = YES;
				FRAMEWORK_SEARCH_PATHS = (
					"$(inherited)",
					"$(PROJECT_DIR)/Carthage/Build/tvOS",
				);
				GCC_C_LANGUAGE_STANDARD = gnu11;
				GCC_DYNAMIC_NO_PIC = NO;
				GCC_NO_COMMON_BLOCKS = YES;
				GCC_OPTIMIZATION_LEVEL = 0;
				GCC_PREPROCESSOR_DEFINITIONS = (
					"DEBUG=1",
					"$(inherited)",
				);
				GCC_WARN_64_TO_32_BIT_CONVERSION = YES;
				GCC_WARN_ABOUT_RETURN_TYPE = YES_ERROR;
				GCC_WARN_UNDECLARED_SELECTOR = YES;
				GCC_WARN_UNINITIALIZED_AUTOS = YES_AGGRESSIVE;
				GCC_WARN_UNUSED_FUNCTION = YES;
				GCC_WARN_UNUSED_VARIABLE = YES;
				INFOPLIST_FILE = "Sources/Info-tvOS.plist";
				INSTALL_PATH = "$(LOCAL_LIBRARY_DIR)/Frameworks";
				LD_RUNPATH_SEARCH_PATHS = "$(inherited) @executable_path/Frameworks @loader_path/Frameworks";
				MTL_ENABLE_DEBUG_INFO = YES;
				ONLY_ACTIVE_ARCH = YES;
				PRODUCT_BUNDLE_IDENTIFIER = "media.nebula.Igloo-tvOS";
				PRODUCT_NAME = Igloo;
				SDKROOT = appletvos;
				SKIP_INSTALL = YES;
				SWIFT_ACTIVE_COMPILATION_CONDITIONS = DEBUG;
				SWIFT_OPTIMIZATION_LEVEL = "-Onone";
				SWIFT_VERSION = 4.0;
				TARGETED_DEVICE_FAMILY = 3;
				TVOS_DEPLOYMENT_TARGET = 11.2;
				VERSIONING_SYSTEM = "apple-generic";
				VERSION_INFO_PREFIX = "";
			};
			name = Debug;
		};
		0E9838611FE58F2D00BD3E31 /* Release */ = {
			isa = XCBuildConfiguration;
			buildSettings = {
				ALWAYS_SEARCH_USER_PATHS = NO;
				CLANG_ANALYZER_NONNULL = YES;
				CLANG_ANALYZER_NUMBER_OBJECT_CONVERSION = YES_AGGRESSIVE;
				CLANG_CXX_LANGUAGE_STANDARD = "gnu++14";
				CLANG_CXX_LIBRARY = "libc++";
				CLANG_ENABLE_MODULES = YES;
				CLANG_ENABLE_OBJC_ARC = YES;
				CLANG_WARN_BLOCK_CAPTURE_AUTORELEASING = YES;
				CLANG_WARN_BOOL_CONVERSION = YES;
				CLANG_WARN_COMMA = YES;
				CLANG_WARN_CONSTANT_CONVERSION = YES;
				CLANG_WARN_DIRECT_OBJC_ISA_USAGE = YES_ERROR;
				CLANG_WARN_DOCUMENTATION_COMMENTS = YES;
				CLANG_WARN_EMPTY_BODY = YES;
				CLANG_WARN_ENUM_CONVERSION = YES;
				CLANG_WARN_INFINITE_RECURSION = YES;
				CLANG_WARN_INT_CONVERSION = YES;
				CLANG_WARN_NON_LITERAL_NULL_CONVERSION = YES;
				CLANG_WARN_OBJC_LITERAL_CONVERSION = YES;
				CLANG_WARN_OBJC_ROOT_CLASS = YES_ERROR;
				CLANG_WARN_RANGE_LOOP_ANALYSIS = YES;
				CLANG_WARN_STRICT_PROTOTYPES = YES;
				CLANG_WARN_SUSPICIOUS_MOVE = YES;
				CLANG_WARN_UNGUARDED_AVAILABILITY = YES_AGGRESSIVE;
				CLANG_WARN_UNREACHABLE_CODE = YES;
				CLANG_WARN__DUPLICATE_METHOD_MATCH = YES;
				CODE_SIGN_IDENTITY = "";
				CODE_SIGN_STYLE = Automatic;
				COPY_PHASE_STRIP = NO;
				CURRENT_PROJECT_VERSION = 1;
				DEBUG_INFORMATION_FORMAT = "dwarf-with-dsym";
				DEFINES_MODULE = YES;
				DEVELOPMENT_TEAM = EE22LK9AUV;
				DYLIB_COMPATIBILITY_VERSION = 1;
				DYLIB_CURRENT_VERSION = 1;
				DYLIB_INSTALL_NAME_BASE = "@rpath";
				ENABLE_NS_ASSERTIONS = NO;
				ENABLE_STRICT_OBJC_MSGSEND = YES;
				FRAMEWORK_SEARCH_PATHS = (
					"$(inherited)",
					"$(PROJECT_DIR)/Carthage/Build/tvOS",
				);
				GCC_C_LANGUAGE_STANDARD = gnu11;
				GCC_NO_COMMON_BLOCKS = YES;
				GCC_WARN_64_TO_32_BIT_CONVERSION = YES;
				GCC_WARN_ABOUT_RETURN_TYPE = YES_ERROR;
				GCC_WARN_UNDECLARED_SELECTOR = YES;
				GCC_WARN_UNINITIALIZED_AUTOS = YES_AGGRESSIVE;
				GCC_WARN_UNUSED_FUNCTION = YES;
				GCC_WARN_UNUSED_VARIABLE = YES;
				INFOPLIST_FILE = "Sources/Info-tvOS.plist";
				INSTALL_PATH = "$(LOCAL_LIBRARY_DIR)/Frameworks";
				LD_RUNPATH_SEARCH_PATHS = "$(inherited) @executable_path/Frameworks @loader_path/Frameworks";
				MTL_ENABLE_DEBUG_INFO = NO;
				PRODUCT_BUNDLE_IDENTIFIER = "media.nebula.Igloo-tvOS";
				PRODUCT_NAME = Igloo;
				SDKROOT = appletvos;
				SKIP_INSTALL = YES;
				SWIFT_OPTIMIZATION_LEVEL = "-Owholemodule";
				SWIFT_VERSION = 4.0;
				TARGETED_DEVICE_FAMILY = 3;
				TVOS_DEPLOYMENT_TARGET = 11.2;
				VALIDATE_PRODUCT = YES;
				VERSIONING_SYSTEM = "apple-generic";
				VERSION_INFO_PREFIX = "";
			};
			name = Release;
		};
		0E98386D1FE58F4300BD3E31 /* Debug */ = {
			isa = XCBuildConfiguration;
			buildSettings = {
				ALWAYS_SEARCH_USER_PATHS = NO;
				CLANG_ANALYZER_NONNULL = YES;
				CLANG_ANALYZER_NUMBER_OBJECT_CONVERSION = YES_AGGRESSIVE;
				CLANG_CXX_LANGUAGE_STANDARD = "gnu++14";
				CLANG_CXX_LIBRARY = "libc++";
				CLANG_ENABLE_MODULES = YES;
				CLANG_ENABLE_OBJC_ARC = YES;
				CLANG_WARN_BLOCK_CAPTURE_AUTORELEASING = YES;
				CLANG_WARN_BOOL_CONVERSION = YES;
				CLANG_WARN_COMMA = YES;
				CLANG_WARN_CONSTANT_CONVERSION = YES;
				CLANG_WARN_DIRECT_OBJC_ISA_USAGE = YES_ERROR;
				CLANG_WARN_DOCUMENTATION_COMMENTS = YES;
				CLANG_WARN_EMPTY_BODY = YES;
				CLANG_WARN_ENUM_CONVERSION = YES;
				CLANG_WARN_INFINITE_RECURSION = YES;
				CLANG_WARN_INT_CONVERSION = YES;
				CLANG_WARN_NON_LITERAL_NULL_CONVERSION = YES;
				CLANG_WARN_OBJC_LITERAL_CONVERSION = YES;
				CLANG_WARN_OBJC_ROOT_CLASS = YES_ERROR;
				CLANG_WARN_RANGE_LOOP_ANALYSIS = YES;
				CLANG_WARN_STRICT_PROTOTYPES = YES;
				CLANG_WARN_SUSPICIOUS_MOVE = YES;
				CLANG_WARN_UNGUARDED_AVAILABILITY = YES_AGGRESSIVE;
				CLANG_WARN_UNREACHABLE_CODE = YES;
				CLANG_WARN__DUPLICATE_METHOD_MATCH = YES;
				CODE_SIGN_IDENTITY = "Mac Developer";
				CODE_SIGN_STYLE = Automatic;
				COMBINE_HIDPI_IMAGES = YES;
				COPY_PHASE_STRIP = NO;
				CURRENT_PROJECT_VERSION = 1;
				DEBUG_INFORMATION_FORMAT = dwarf;
				DEFINES_MODULE = YES;
				DEVELOPMENT_TEAM = EE22LK9AUV;
				DYLIB_COMPATIBILITY_VERSION = 1;
				DYLIB_CURRENT_VERSION = 1;
				DYLIB_INSTALL_NAME_BASE = "@rpath";
				ENABLE_STRICT_OBJC_MSGSEND = YES;
				ENABLE_TESTABILITY = YES;
				FRAMEWORK_SEARCH_PATHS = (
					"$(inherited)",
					"$(PROJECT_DIR)/Carthage/Build/Mac",
				);
				FRAMEWORK_VERSION = A;
				GCC_C_LANGUAGE_STANDARD = gnu11;
				GCC_DYNAMIC_NO_PIC = NO;
				GCC_NO_COMMON_BLOCKS = YES;
				GCC_OPTIMIZATION_LEVEL = 0;
				GCC_PREPROCESSOR_DEFINITIONS = (
					"DEBUG=1",
					"$(inherited)",
				);
				GCC_WARN_64_TO_32_BIT_CONVERSION = YES;
				GCC_WARN_ABOUT_RETURN_TYPE = YES_ERROR;
				GCC_WARN_UNDECLARED_SELECTOR = YES;
				GCC_WARN_UNINITIALIZED_AUTOS = YES_AGGRESSIVE;
				GCC_WARN_UNUSED_FUNCTION = YES;
				GCC_WARN_UNUSED_VARIABLE = YES;
				INFOPLIST_FILE = "Sources/Info-macOS.plist";
				INSTALL_PATH = "$(LOCAL_LIBRARY_DIR)/Frameworks";
				LD_RUNPATH_SEARCH_PATHS = "$(inherited) @executable_path/../Frameworks @loader_path/Frameworks";
				MACOSX_DEPLOYMENT_TARGET = 10.12;
				MTL_ENABLE_DEBUG_INFO = YES;
				ONLY_ACTIVE_ARCH = YES;
				PRODUCT_BUNDLE_IDENTIFIER = "media.nebula.Igloo-macOS";
				PRODUCT_NAME = Igloo;
				PROVISIONING_PROFILE_SPECIFIER = "";
				SDKROOT = macosx;
				SKIP_INSTALL = YES;
				SWIFT_ACTIVE_COMPILATION_CONDITIONS = DEBUG;
				SWIFT_OPTIMIZATION_LEVEL = "-Onone";
				SWIFT_VERSION = 4.2;
				VERSIONING_SYSTEM = "apple-generic";
				VERSION_INFO_PREFIX = "";
			};
			name = Debug;
		};
		0E98386E1FE58F4300BD3E31 /* Release */ = {
			isa = XCBuildConfiguration;
			buildSettings = {
				ALWAYS_SEARCH_USER_PATHS = NO;
				CLANG_ANALYZER_NONNULL = YES;
				CLANG_ANALYZER_NUMBER_OBJECT_CONVERSION = YES_AGGRESSIVE;
				CLANG_CXX_LANGUAGE_STANDARD = "gnu++14";
				CLANG_CXX_LIBRARY = "libc++";
				CLANG_ENABLE_MODULES = YES;
				CLANG_ENABLE_OBJC_ARC = YES;
				CLANG_WARN_BLOCK_CAPTURE_AUTORELEASING = YES;
				CLANG_WARN_BOOL_CONVERSION = YES;
				CLANG_WARN_COMMA = YES;
				CLANG_WARN_CONSTANT_CONVERSION = YES;
				CLANG_WARN_DIRECT_OBJC_ISA_USAGE = YES_ERROR;
				CLANG_WARN_DOCUMENTATION_COMMENTS = YES;
				CLANG_WARN_EMPTY_BODY = YES;
				CLANG_WARN_ENUM_CONVERSION = YES;
				CLANG_WARN_INFINITE_RECURSION = YES;
				CLANG_WARN_INT_CONVERSION = YES;
				CLANG_WARN_NON_LITERAL_NULL_CONVERSION = YES;
				CLANG_WARN_OBJC_LITERAL_CONVERSION = YES;
				CLANG_WARN_OBJC_ROOT_CLASS = YES_ERROR;
				CLANG_WARN_RANGE_LOOP_ANALYSIS = YES;
				CLANG_WARN_STRICT_PROTOTYPES = YES;
				CLANG_WARN_SUSPICIOUS_MOVE = YES;
				CLANG_WARN_UNGUARDED_AVAILABILITY = YES_AGGRESSIVE;
				CLANG_WARN_UNREACHABLE_CODE = YES;
				CLANG_WARN__DUPLICATE_METHOD_MATCH = YES;
				CODE_SIGN_IDENTITY = "Mac Developer";
				CODE_SIGN_STYLE = Automatic;
				COMBINE_HIDPI_IMAGES = YES;
				COPY_PHASE_STRIP = NO;
				CURRENT_PROJECT_VERSION = 1;
				DEBUG_INFORMATION_FORMAT = "dwarf-with-dsym";
				DEFINES_MODULE = YES;
				DEVELOPMENT_TEAM = EE22LK9AUV;
				DYLIB_COMPATIBILITY_VERSION = 1;
				DYLIB_CURRENT_VERSION = 1;
				DYLIB_INSTALL_NAME_BASE = "@rpath";
				ENABLE_NS_ASSERTIONS = NO;
				ENABLE_STRICT_OBJC_MSGSEND = YES;
				FRAMEWORK_SEARCH_PATHS = (
					"$(inherited)",
					"$(PROJECT_DIR)/Carthage/Build/Mac",
				);
				FRAMEWORK_VERSION = A;
				GCC_C_LANGUAGE_STANDARD = gnu11;
				GCC_NO_COMMON_BLOCKS = YES;
				GCC_WARN_64_TO_32_BIT_CONVERSION = YES;
				GCC_WARN_ABOUT_RETURN_TYPE = YES_ERROR;
				GCC_WARN_UNDECLARED_SELECTOR = YES;
				GCC_WARN_UNINITIALIZED_AUTOS = YES_AGGRESSIVE;
				GCC_WARN_UNUSED_FUNCTION = YES;
				GCC_WARN_UNUSED_VARIABLE = YES;
				INFOPLIST_FILE = "Sources/Info-macOS.plist";
				INSTALL_PATH = "$(LOCAL_LIBRARY_DIR)/Frameworks";
				LD_RUNPATH_SEARCH_PATHS = "$(inherited) @executable_path/../Frameworks @loader_path/Frameworks";
				MACOSX_DEPLOYMENT_TARGET = 10.12;
				MTL_ENABLE_DEBUG_INFO = NO;
				PRODUCT_BUNDLE_IDENTIFIER = "media.nebula.Igloo-macOS";
				PRODUCT_NAME = Igloo;
				PROVISIONING_PROFILE_SPECIFIER = "";
				SDKROOT = macosx;
				SKIP_INSTALL = YES;
				SWIFT_OPTIMIZATION_LEVEL = "-Owholemodule";
				SWIFT_VERSION = 4.2;
				VERSIONING_SYSTEM = "apple-generic";
				VERSION_INFO_PREFIX = "";
			};
			name = Release;
		};
		0E9838E31FE5AA0600BD3E31 /* Debug */ = {
			isa = XCBuildConfiguration;
			buildSettings = {
				ALWAYS_SEARCH_USER_PATHS = NO;
				CLANG_ANALYZER_NONNULL = YES;
				CLANG_ANALYZER_NUMBER_OBJECT_CONVERSION = YES_AGGRESSIVE;
				CLANG_CXX_LANGUAGE_STANDARD = "gnu++14";
				CLANG_CXX_LIBRARY = "libc++";
				CLANG_ENABLE_MODULES = YES;
				CLANG_ENABLE_OBJC_ARC = YES;
				CLANG_WARN_BLOCK_CAPTURE_AUTORELEASING = YES;
				CLANG_WARN_BOOL_CONVERSION = YES;
				CLANG_WARN_COMMA = YES;
				CLANG_WARN_CONSTANT_CONVERSION = YES;
				CLANG_WARN_DIRECT_OBJC_ISA_USAGE = YES_ERROR;
				CLANG_WARN_DOCUMENTATION_COMMENTS = YES;
				CLANG_WARN_EMPTY_BODY = YES;
				CLANG_WARN_ENUM_CONVERSION = YES;
				CLANG_WARN_INFINITE_RECURSION = YES;
				CLANG_WARN_INT_CONVERSION = YES;
				CLANG_WARN_NON_LITERAL_NULL_CONVERSION = YES;
				CLANG_WARN_OBJC_LITERAL_CONVERSION = YES;
				CLANG_WARN_OBJC_ROOT_CLASS = YES_ERROR;
				CLANG_WARN_RANGE_LOOP_ANALYSIS = YES;
				CLANG_WARN_STRICT_PROTOTYPES = YES;
				CLANG_WARN_SUSPICIOUS_MOVE = YES;
				CLANG_WARN_UNGUARDED_AVAILABILITY = YES_AGGRESSIVE;
				CLANG_WARN_UNREACHABLE_CODE = YES;
				CLANG_WARN__DUPLICATE_METHOD_MATCH = YES;
				CODE_SIGN_IDENTITY = "iPhone Developer";
				CODE_SIGN_STYLE = Automatic;
				COPY_PHASE_STRIP = NO;
				DEBUG_INFORMATION_FORMAT = dwarf;
				DEVELOPMENT_TEAM = EE22LK9AUV;
				ENABLE_STRICT_OBJC_MSGSEND = YES;
				ENABLE_TESTABILITY = YES;
				FRAMEWORK_SEARCH_PATHS = (
					"$(inherited)",
					"$(PROJECT_DIR)/Carthage/Build/iOS",
				);
				GCC_C_LANGUAGE_STANDARD = gnu11;
				GCC_DYNAMIC_NO_PIC = NO;
				GCC_NO_COMMON_BLOCKS = YES;
				GCC_OPTIMIZATION_LEVEL = 0;
				GCC_PREPROCESSOR_DEFINITIONS = (
					"DEBUG=1",
					"$(inherited)",
				);
				GCC_WARN_64_TO_32_BIT_CONVERSION = YES;
				GCC_WARN_ABOUT_RETURN_TYPE = YES_ERROR;
				GCC_WARN_UNDECLARED_SELECTOR = YES;
				GCC_WARN_UNINITIALIZED_AUTOS = YES_AGGRESSIVE;
				GCC_WARN_UNUSED_FUNCTION = YES;
				GCC_WARN_UNUSED_VARIABLE = YES;
				INFOPLIST_FILE = "IglooTests/Info-iOS.plist";
				IPHONEOS_DEPLOYMENT_TARGET = 11.2;
				LD_RUNPATH_SEARCH_PATHS = "$(inherited) @executable_path/Frameworks @loader_path/Frameworks";
				MTL_ENABLE_DEBUG_INFO = YES;
				ONLY_ACTIVE_ARCH = YES;
				PRODUCT_BUNDLE_IDENTIFIER = "media.nebula.IglooTests-iOS";
				PRODUCT_NAME = "$(TARGET_NAME)";
				SDKROOT = iphoneos;
				SWIFT_ACTIVE_COMPILATION_CONDITIONS = DEBUG;
				SWIFT_OPTIMIZATION_LEVEL = "-Onone";
				SWIFT_VERSION = 4.0;
				TARGETED_DEVICE_FAMILY = "1,2";
			};
			name = Debug;
		};
		0E9838E41FE5AA0600BD3E31 /* Release */ = {
			isa = XCBuildConfiguration;
			buildSettings = {
				ALWAYS_SEARCH_USER_PATHS = NO;
				CLANG_ANALYZER_NONNULL = YES;
				CLANG_ANALYZER_NUMBER_OBJECT_CONVERSION = YES_AGGRESSIVE;
				CLANG_CXX_LANGUAGE_STANDARD = "gnu++14";
				CLANG_CXX_LIBRARY = "libc++";
				CLANG_ENABLE_MODULES = YES;
				CLANG_ENABLE_OBJC_ARC = YES;
				CLANG_WARN_BLOCK_CAPTURE_AUTORELEASING = YES;
				CLANG_WARN_BOOL_CONVERSION = YES;
				CLANG_WARN_COMMA = YES;
				CLANG_WARN_CONSTANT_CONVERSION = YES;
				CLANG_WARN_DIRECT_OBJC_ISA_USAGE = YES_ERROR;
				CLANG_WARN_DOCUMENTATION_COMMENTS = YES;
				CLANG_WARN_EMPTY_BODY = YES;
				CLANG_WARN_ENUM_CONVERSION = YES;
				CLANG_WARN_INFINITE_RECURSION = YES;
				CLANG_WARN_INT_CONVERSION = YES;
				CLANG_WARN_NON_LITERAL_NULL_CONVERSION = YES;
				CLANG_WARN_OBJC_LITERAL_CONVERSION = YES;
				CLANG_WARN_OBJC_ROOT_CLASS = YES_ERROR;
				CLANG_WARN_RANGE_LOOP_ANALYSIS = YES;
				CLANG_WARN_STRICT_PROTOTYPES = YES;
				CLANG_WARN_SUSPICIOUS_MOVE = YES;
				CLANG_WARN_UNGUARDED_AVAILABILITY = YES_AGGRESSIVE;
				CLANG_WARN_UNREACHABLE_CODE = YES;
				CLANG_WARN__DUPLICATE_METHOD_MATCH = YES;
				CODE_SIGN_IDENTITY = "iPhone Developer";
				CODE_SIGN_STYLE = Automatic;
				COPY_PHASE_STRIP = NO;
				DEBUG_INFORMATION_FORMAT = "dwarf-with-dsym";
				DEVELOPMENT_TEAM = EE22LK9AUV;
				ENABLE_NS_ASSERTIONS = NO;
				ENABLE_STRICT_OBJC_MSGSEND = YES;
				FRAMEWORK_SEARCH_PATHS = (
					"$(inherited)",
					"$(PROJECT_DIR)/Carthage/Build/iOS",
				);
				GCC_C_LANGUAGE_STANDARD = gnu11;
				GCC_NO_COMMON_BLOCKS = YES;
				GCC_WARN_64_TO_32_BIT_CONVERSION = YES;
				GCC_WARN_ABOUT_RETURN_TYPE = YES_ERROR;
				GCC_WARN_UNDECLARED_SELECTOR = YES;
				GCC_WARN_UNINITIALIZED_AUTOS = YES_AGGRESSIVE;
				GCC_WARN_UNUSED_FUNCTION = YES;
				GCC_WARN_UNUSED_VARIABLE = YES;
				INFOPLIST_FILE = "IglooTests/Info-iOS.plist";
				IPHONEOS_DEPLOYMENT_TARGET = 11.2;
				LD_RUNPATH_SEARCH_PATHS = "$(inherited) @executable_path/Frameworks @loader_path/Frameworks";
				MTL_ENABLE_DEBUG_INFO = NO;
				PRODUCT_BUNDLE_IDENTIFIER = "media.nebula.IglooTests-iOS";
				PRODUCT_NAME = "$(TARGET_NAME)";
				SDKROOT = iphoneos;
				SWIFT_OPTIMIZATION_LEVEL = "-Owholemodule";
				SWIFT_VERSION = 4.0;
				TARGETED_DEVICE_FAMILY = "1,2";
				VALIDATE_PRODUCT = YES;
			};
			name = Release;
		};
		0E9838F61FE5AB6300BD3E31 /* Debug */ = {
			isa = XCBuildConfiguration;
			buildSettings = {
				ALWAYS_SEARCH_USER_PATHS = NO;
				CLANG_ANALYZER_NONNULL = YES;
				CLANG_ANALYZER_NUMBER_OBJECT_CONVERSION = YES_AGGRESSIVE;
				CLANG_CXX_LANGUAGE_STANDARD = "gnu++14";
				CLANG_CXX_LIBRARY = "libc++";
				CLANG_ENABLE_MODULES = YES;
				CLANG_ENABLE_OBJC_ARC = YES;
				CLANG_WARN_BLOCK_CAPTURE_AUTORELEASING = YES;
				CLANG_WARN_BOOL_CONVERSION = YES;
				CLANG_WARN_COMMA = YES;
				CLANG_WARN_CONSTANT_CONVERSION = YES;
				CLANG_WARN_DIRECT_OBJC_ISA_USAGE = YES_ERROR;
				CLANG_WARN_DOCUMENTATION_COMMENTS = YES;
				CLANG_WARN_EMPTY_BODY = YES;
				CLANG_WARN_ENUM_CONVERSION = YES;
				CLANG_WARN_INFINITE_RECURSION = YES;
				CLANG_WARN_INT_CONVERSION = YES;
				CLANG_WARN_NON_LITERAL_NULL_CONVERSION = YES;
				CLANG_WARN_OBJC_LITERAL_CONVERSION = YES;
				CLANG_WARN_OBJC_ROOT_CLASS = YES_ERROR;
				CLANG_WARN_RANGE_LOOP_ANALYSIS = YES;
				CLANG_WARN_STRICT_PROTOTYPES = YES;
				CLANG_WARN_SUSPICIOUS_MOVE = YES;
				CLANG_WARN_UNGUARDED_AVAILABILITY = YES_AGGRESSIVE;
				CLANG_WARN_UNREACHABLE_CODE = YES;
				CLANG_WARN__DUPLICATE_METHOD_MATCH = YES;
				CODE_SIGN_STYLE = Automatic;
				COPY_PHASE_STRIP = NO;
				DEBUG_INFORMATION_FORMAT = dwarf;
				DEVELOPMENT_TEAM = EE22LK9AUV;
				ENABLE_STRICT_OBJC_MSGSEND = YES;
				ENABLE_TESTABILITY = YES;
				FRAMEWORK_SEARCH_PATHS = (
					"$(inherited)",
					"$(PROJECT_DIR)/Carthage/Build/tvOS",
				);
				GCC_C_LANGUAGE_STANDARD = gnu11;
				GCC_DYNAMIC_NO_PIC = NO;
				GCC_NO_COMMON_BLOCKS = YES;
				GCC_OPTIMIZATION_LEVEL = 0;
				GCC_PREPROCESSOR_DEFINITIONS = (
					"DEBUG=1",
					"$(inherited)",
				);
				GCC_WARN_64_TO_32_BIT_CONVERSION = YES;
				GCC_WARN_ABOUT_RETURN_TYPE = YES_ERROR;
				GCC_WARN_UNDECLARED_SELECTOR = YES;
				GCC_WARN_UNINITIALIZED_AUTOS = YES_AGGRESSIVE;
				GCC_WARN_UNUSED_FUNCTION = YES;
				GCC_WARN_UNUSED_VARIABLE = YES;
				INFOPLIST_FILE = "IglooTests-tvOS/Info.plist";
				LD_RUNPATH_SEARCH_PATHS = "$(inherited) @executable_path/Frameworks @loader_path/Frameworks";
				MTL_ENABLE_DEBUG_INFO = YES;
				ONLY_ACTIVE_ARCH = YES;
				PRODUCT_BUNDLE_IDENTIFIER = "media.nebula.IglooTests-tvOS";
				PRODUCT_NAME = "$(TARGET_NAME)";
				SDKROOT = appletvos;
				SWIFT_ACTIVE_COMPILATION_CONDITIONS = DEBUG;
				SWIFT_OPTIMIZATION_LEVEL = "-Onone";
				SWIFT_VERSION = 4.0;
				TARGETED_DEVICE_FAMILY = 3;
				TVOS_DEPLOYMENT_TARGET = 11.2;
			};
			name = Debug;
		};
		0E9838F71FE5AB6300BD3E31 /* Release */ = {
			isa = XCBuildConfiguration;
			buildSettings = {
				ALWAYS_SEARCH_USER_PATHS = NO;
				CLANG_ANALYZER_NONNULL = YES;
				CLANG_ANALYZER_NUMBER_OBJECT_CONVERSION = YES_AGGRESSIVE;
				CLANG_CXX_LANGUAGE_STANDARD = "gnu++14";
				CLANG_CXX_LIBRARY = "libc++";
				CLANG_ENABLE_MODULES = YES;
				CLANG_ENABLE_OBJC_ARC = YES;
				CLANG_WARN_BLOCK_CAPTURE_AUTORELEASING = YES;
				CLANG_WARN_BOOL_CONVERSION = YES;
				CLANG_WARN_COMMA = YES;
				CLANG_WARN_CONSTANT_CONVERSION = YES;
				CLANG_WARN_DIRECT_OBJC_ISA_USAGE = YES_ERROR;
				CLANG_WARN_DOCUMENTATION_COMMENTS = YES;
				CLANG_WARN_EMPTY_BODY = YES;
				CLANG_WARN_ENUM_CONVERSION = YES;
				CLANG_WARN_INFINITE_RECURSION = YES;
				CLANG_WARN_INT_CONVERSION = YES;
				CLANG_WARN_NON_LITERAL_NULL_CONVERSION = YES;
				CLANG_WARN_OBJC_LITERAL_CONVERSION = YES;
				CLANG_WARN_OBJC_ROOT_CLASS = YES_ERROR;
				CLANG_WARN_RANGE_LOOP_ANALYSIS = YES;
				CLANG_WARN_STRICT_PROTOTYPES = YES;
				CLANG_WARN_SUSPICIOUS_MOVE = YES;
				CLANG_WARN_UNGUARDED_AVAILABILITY = YES_AGGRESSIVE;
				CLANG_WARN_UNREACHABLE_CODE = YES;
				CLANG_WARN__DUPLICATE_METHOD_MATCH = YES;
				CODE_SIGN_STYLE = Automatic;
				COPY_PHASE_STRIP = NO;
				DEBUG_INFORMATION_FORMAT = "dwarf-with-dsym";
				DEVELOPMENT_TEAM = EE22LK9AUV;
				ENABLE_NS_ASSERTIONS = NO;
				ENABLE_STRICT_OBJC_MSGSEND = YES;
				FRAMEWORK_SEARCH_PATHS = (
					"$(inherited)",
					"$(PROJECT_DIR)/Carthage/Build/tvOS",
				);
				GCC_C_LANGUAGE_STANDARD = gnu11;
				GCC_NO_COMMON_BLOCKS = YES;
				GCC_WARN_64_TO_32_BIT_CONVERSION = YES;
				GCC_WARN_ABOUT_RETURN_TYPE = YES_ERROR;
				GCC_WARN_UNDECLARED_SELECTOR = YES;
				GCC_WARN_UNINITIALIZED_AUTOS = YES_AGGRESSIVE;
				GCC_WARN_UNUSED_FUNCTION = YES;
				GCC_WARN_UNUSED_VARIABLE = YES;
				INFOPLIST_FILE = "IglooTests-tvOS/Info.plist";
				LD_RUNPATH_SEARCH_PATHS = "$(inherited) @executable_path/Frameworks @loader_path/Frameworks";
				MTL_ENABLE_DEBUG_INFO = NO;
				PRODUCT_BUNDLE_IDENTIFIER = "media.nebula.IglooTests-tvOS";
				PRODUCT_NAME = "$(TARGET_NAME)";
				SDKROOT = appletvos;
				SWIFT_OPTIMIZATION_LEVEL = "-Owholemodule";
				SWIFT_VERSION = 4.0;
				TARGETED_DEVICE_FAMILY = 3;
				TVOS_DEPLOYMENT_TARGET = 11.2;
				VALIDATE_PRODUCT = YES;
			};
			name = Release;
		};
		0E9839071FE5ABBE00BD3E31 /* Debug */ = {
			isa = XCBuildConfiguration;
			buildSettings = {
				ALWAYS_SEARCH_USER_PATHS = NO;
				CLANG_ANALYZER_NONNULL = YES;
				CLANG_ANALYZER_NUMBER_OBJECT_CONVERSION = YES_AGGRESSIVE;
				CLANG_CXX_LANGUAGE_STANDARD = "gnu++14";
				CLANG_CXX_LIBRARY = "libc++";
				CLANG_ENABLE_MODULES = YES;
				CLANG_ENABLE_OBJC_ARC = YES;
				CLANG_WARN_BLOCK_CAPTURE_AUTORELEASING = YES;
				CLANG_WARN_BOOL_CONVERSION = YES;
				CLANG_WARN_COMMA = YES;
				CLANG_WARN_CONSTANT_CONVERSION = YES;
				CLANG_WARN_DIRECT_OBJC_ISA_USAGE = YES_ERROR;
				CLANG_WARN_DOCUMENTATION_COMMENTS = YES;
				CLANG_WARN_EMPTY_BODY = YES;
				CLANG_WARN_ENUM_CONVERSION = YES;
				CLANG_WARN_INFINITE_RECURSION = YES;
				CLANG_WARN_INT_CONVERSION = YES;
				CLANG_WARN_NON_LITERAL_NULL_CONVERSION = YES;
				CLANG_WARN_OBJC_LITERAL_CONVERSION = YES;
				CLANG_WARN_OBJC_ROOT_CLASS = YES_ERROR;
				CLANG_WARN_RANGE_LOOP_ANALYSIS = YES;
				CLANG_WARN_STRICT_PROTOTYPES = YES;
				CLANG_WARN_SUSPICIOUS_MOVE = YES;
				CLANG_WARN_UNGUARDED_AVAILABILITY = YES_AGGRESSIVE;
				CLANG_WARN_UNREACHABLE_CODE = YES;
				CLANG_WARN__DUPLICATE_METHOD_MATCH = YES;
				CODE_SIGN_IDENTITY = "Mac Developer";
				CODE_SIGN_STYLE = Automatic;
				COMBINE_HIDPI_IMAGES = YES;
				COPY_PHASE_STRIP = NO;
				DEBUG_INFORMATION_FORMAT = dwarf;
				DEVELOPMENT_TEAM = EE22LK9AUV;
				ENABLE_STRICT_OBJC_MSGSEND = YES;
				ENABLE_TESTABILITY = YES;
				FRAMEWORK_SEARCH_PATHS = (
					"$(inherited)",
					"$(PROJECT_DIR)/Carthage/Build/Mac",
				);
				GCC_C_LANGUAGE_STANDARD = gnu11;
				GCC_DYNAMIC_NO_PIC = NO;
				GCC_NO_COMMON_BLOCKS = YES;
				GCC_OPTIMIZATION_LEVEL = 0;
				GCC_PREPROCESSOR_DEFINITIONS = (
					"DEBUG=1",
					"$(inherited)",
				);
				GCC_WARN_64_TO_32_BIT_CONVERSION = YES;
				GCC_WARN_ABOUT_RETURN_TYPE = YES_ERROR;
				GCC_WARN_UNDECLARED_SELECTOR = YES;
				GCC_WARN_UNINITIALIZED_AUTOS = YES_AGGRESSIVE;
				GCC_WARN_UNUSED_FUNCTION = YES;
				GCC_WARN_UNUSED_VARIABLE = YES;
				INFOPLIST_FILE = "IglooTests/Info-macOS.plist";
				LD_RUNPATH_SEARCH_PATHS = "$(inherited) @executable_path/../Frameworks @loader_path/../Frameworks";
				MACOSX_DEPLOYMENT_TARGET = 10.13;
				MTL_ENABLE_DEBUG_INFO = YES;
				ONLY_ACTIVE_ARCH = YES;
				PRODUCT_BUNDLE_IDENTIFIER = "media.nebula.IglooTests-macOS";
				PRODUCT_NAME = "$(TARGET_NAME)";
				SDKROOT = macosx;
				SWIFT_ACTIVE_COMPILATION_CONDITIONS = DEBUG;
				SWIFT_OPTIMIZATION_LEVEL = "-Onone";
				SWIFT_VERSION = 4.0;
			};
			name = Debug;
		};
		0E9839081FE5ABBE00BD3E31 /* Release */ = {
			isa = XCBuildConfiguration;
			buildSettings = {
				ALWAYS_SEARCH_USER_PATHS = NO;
				CLANG_ANALYZER_NONNULL = YES;
				CLANG_ANALYZER_NUMBER_OBJECT_CONVERSION = YES_AGGRESSIVE;
				CLANG_CXX_LANGUAGE_STANDARD = "gnu++14";
				CLANG_CXX_LIBRARY = "libc++";
				CLANG_ENABLE_MODULES = YES;
				CLANG_ENABLE_OBJC_ARC = YES;
				CLANG_WARN_BLOCK_CAPTURE_AUTORELEASING = YES;
				CLANG_WARN_BOOL_CONVERSION = YES;
				CLANG_WARN_COMMA = YES;
				CLANG_WARN_CONSTANT_CONVERSION = YES;
				CLANG_WARN_DIRECT_OBJC_ISA_USAGE = YES_ERROR;
				CLANG_WARN_DOCUMENTATION_COMMENTS = YES;
				CLANG_WARN_EMPTY_BODY = YES;
				CLANG_WARN_ENUM_CONVERSION = YES;
				CLANG_WARN_INFINITE_RECURSION = YES;
				CLANG_WARN_INT_CONVERSION = YES;
				CLANG_WARN_NON_LITERAL_NULL_CONVERSION = YES;
				CLANG_WARN_OBJC_LITERAL_CONVERSION = YES;
				CLANG_WARN_OBJC_ROOT_CLASS = YES_ERROR;
				CLANG_WARN_RANGE_LOOP_ANALYSIS = YES;
				CLANG_WARN_STRICT_PROTOTYPES = YES;
				CLANG_WARN_SUSPICIOUS_MOVE = YES;
				CLANG_WARN_UNGUARDED_AVAILABILITY = YES_AGGRESSIVE;
				CLANG_WARN_UNREACHABLE_CODE = YES;
				CLANG_WARN__DUPLICATE_METHOD_MATCH = YES;
				CODE_SIGN_IDENTITY = "Mac Developer";
				CODE_SIGN_STYLE = Automatic;
				COMBINE_HIDPI_IMAGES = YES;
				COPY_PHASE_STRIP = NO;
				DEBUG_INFORMATION_FORMAT = "dwarf-with-dsym";
				DEVELOPMENT_TEAM = EE22LK9AUV;
				ENABLE_NS_ASSERTIONS = NO;
				ENABLE_STRICT_OBJC_MSGSEND = YES;
				FRAMEWORK_SEARCH_PATHS = (
					"$(inherited)",
					"$(PROJECT_DIR)/Carthage/Build/Mac",
				);
				GCC_C_LANGUAGE_STANDARD = gnu11;
				GCC_NO_COMMON_BLOCKS = YES;
				GCC_WARN_64_TO_32_BIT_CONVERSION = YES;
				GCC_WARN_ABOUT_RETURN_TYPE = YES_ERROR;
				GCC_WARN_UNDECLARED_SELECTOR = YES;
				GCC_WARN_UNINITIALIZED_AUTOS = YES_AGGRESSIVE;
				GCC_WARN_UNUSED_FUNCTION = YES;
				GCC_WARN_UNUSED_VARIABLE = YES;
				INFOPLIST_FILE = "IglooTests/Info-macOS.plist";
				LD_RUNPATH_SEARCH_PATHS = "$(inherited) @executable_path/../Frameworks @loader_path/../Frameworks";
				MACOSX_DEPLOYMENT_TARGET = 10.13;
				MTL_ENABLE_DEBUG_INFO = NO;
				PRODUCT_BUNDLE_IDENTIFIER = "media.nebula.IglooTests-macOS";
				PRODUCT_NAME = "$(TARGET_NAME)";
				SDKROOT = macosx;
				SWIFT_OPTIMIZATION_LEVEL = "-Owholemodule";
				SWIFT_VERSION = 4.0;
			};
			name = Release;
		};
/* End XCBuildConfiguration section */

/* Begin XCConfigurationList section */
		0E9838371FE58EB500BD3E31 /* Build configuration list for PBXProject "Igloo" */ = {
			isa = XCConfigurationList;
			buildConfigurations = (
				0E9838381FE58EB500BD3E31 /* Debug */,
				0E9838391FE58EB500BD3E31 /* Release */,
			);
			defaultConfigurationIsVisible = 0;
			defaultConfigurationName = Release;
		};
		0E9838451FE58EFE00BD3E31 /* Build configuration list for PBXNativeTarget "Igloo-iOS" */ = {
			isa = XCConfigurationList;
			buildConfigurations = (
				0E9838461FE58EFE00BD3E31 /* Debug */,
				0E9838471FE58EFE00BD3E31 /* Release */,
			);
			defaultConfigurationIsVisible = 0;
			defaultConfigurationName = Release;
		};
		0E98385F1FE58F2D00BD3E31 /* Build configuration list for PBXNativeTarget "Igloo-tvOS" */ = {
			isa = XCConfigurationList;
			buildConfigurations = (
				0E9838601FE58F2D00BD3E31 /* Debug */,
				0E9838611FE58F2D00BD3E31 /* Release */,
			);
			defaultConfigurationIsVisible = 0;
			defaultConfigurationName = Release;
		};
		0E98386C1FE58F4300BD3E31 /* Build configuration list for PBXNativeTarget "Igloo-macOS" */ = {
			isa = XCConfigurationList;
			buildConfigurations = (
				0E98386D1FE58F4300BD3E31 /* Debug */,
				0E98386E1FE58F4300BD3E31 /* Release */,
			);
			defaultConfigurationIsVisible = 0;
			defaultConfigurationName = Release;
		};
		0E9838E21FE5AA0600BD3E31 /* Build configuration list for PBXNativeTarget "IglooTests-iOS" */ = {
			isa = XCConfigurationList;
			buildConfigurations = (
				0E9838E31FE5AA0600BD3E31 /* Debug */,
				0E9838E41FE5AA0600BD3E31 /* Release */,
			);
			defaultConfigurationIsVisible = 0;
			defaultConfigurationName = Release;
		};
		0E9838F51FE5AB6300BD3E31 /* Build configuration list for PBXNativeTarget "IglooTests-tvOS" */ = {
			isa = XCConfigurationList;
			buildConfigurations = (
				0E9838F61FE5AB6300BD3E31 /* Debug */,
				0E9838F71FE5AB6300BD3E31 /* Release */,
			);
			defaultConfigurationIsVisible = 0;
			defaultConfigurationName = Release;
		};
		0E9839061FE5ABBE00BD3E31 /* Build configuration list for PBXNativeTarget "IglooTests-macOS" */ = {
			isa = XCConfigurationList;
			buildConfigurations = (
				0E9839071FE5ABBE00BD3E31 /* Debug */,
				0E9839081FE5ABBE00BD3E31 /* Release */,
			);
			defaultConfigurationIsVisible = 0;
			defaultConfigurationName = Release;
		};
/* End XCConfigurationList section */
	};
	rootObject = 0E9838341FE58EB500BD3E31 /* Project object */;
}
